// !$*UTF8*$!
{
	archiveVersion = 1;
	classes = {
	};
	objectVersion = 56;
	objects = {

/* Begin PBXBuildFile section */
		350811A72C89EF720071C68C /* blinking.mp4 in Resources */ = {isa = PBXBuildFile; fileRef = 350811A62C89EF720071C68C /* blinking.mp4 */; };
		350811A82C89EF720071C68C /* blinking.mp4 in Resources */ = {isa = PBXBuildFile; fileRef = 350811A62C89EF720071C68C /* blinking.mp4 */; };
		350811AC2C8B3D930071C68C /* SharedViewModel.swift in Sources */ = {isa = PBXBuildFile; fileRef = 350811AB2C8B3D930071C68C /* SharedViewModel.swift */; };
		350811AE2C8B49160071C68C /* ViewExtensions.swift in Sources */ = {isa = PBXBuildFile; fileRef = 350811AD2C8B49160071C68C /* ViewExtensions.swift */; };
		3584279A2C8CDCB00096B1D0 /* BluetoothManager.swift in Sources */ = {isa = PBXBuildFile; fileRef = 358427992C8CDCB00096B1D0 /* BluetoothManager.swift */; };
		35DA3A602C8739FB0039D19D /* LumiFurApp.swift in Sources */ = {isa = PBXBuildFile; fileRef = 35DA3A5F2C8739FB0039D19D /* LumiFurApp.swift */; };
		35DA3A622C8739FB0039D19D /* ContentView.swift in Sources */ = {isa = PBXBuildFile; fileRef = 35DA3A612C8739FB0039D19D /* ContentView.swift */; };
		35DA3A642C8739FD0039D19D /* Assets.xcassets in Resources */ = {isa = PBXBuildFile; fileRef = 35DA3A632C8739FD0039D19D /* Assets.xcassets */; };
		35DA3A682C8739FD0039D19D /* Preview Assets.xcassets in Resources */ = {isa = PBXBuildFile; fileRef = 35DA3A672C8739FD0039D19D /* Preview Assets.xcassets */; };
		35DA3A722C8739FD0039D19D /* LumiFurTests.swift in Sources */ = {isa = PBXBuildFile; fileRef = 35DA3A712C8739FD0039D19D /* LumiFurTests.swift */; };
		35DA3A7C2C8739FD0039D19D /* LumiFurUITests.swift in Sources */ = {isa = PBXBuildFile; fileRef = 35DA3A7B2C8739FD0039D19D /* LumiFurUITests.swift */; };
		35DA3A7E2C8739FD0039D19D /* LumiFurUITestsLaunchTests.swift in Sources */ = {isa = PBXBuildFile; fileRef = 35DA3A7D2C8739FD0039D19D /* LumiFurUITestsLaunchTests.swift */; };
/* End PBXBuildFile section */

/* Begin PBXContainerItemProxy section */
		35DA3A6E2C8739FD0039D19D /* PBXContainerItemProxy */ = {
			isa = PBXContainerItemProxy;
			containerPortal = 35DA3A542C8739FB0039D19D /* Project object */;
			proxyType = 1;
			remoteGlobalIDString = 35DA3A5B2C8739FB0039D19D;
			remoteInfo = LumiFur;
		};
		35DA3A782C8739FD0039D19D /* PBXContainerItemProxy */ = {
			isa = PBXContainerItemProxy;
			containerPortal = 35DA3A542C8739FB0039D19D /* Project object */;
			proxyType = 1;
			remoteGlobalIDString = 35DA3A5B2C8739FB0039D19D;
			remoteInfo = LumiFur;
		};
/* End PBXContainerItemProxy section */

/* Begin PBXFileReference section */
		350811A62C89EF720071C68C /* blinking.mp4 */ = {isa = PBXFileReference; lastKnownFileType = file; path = blinking.mp4; sourceTree = "<group>"; };
		350811AB2C8B3D930071C68C /* SharedViewModel.swift */ = {isa = PBXFileReference; lastKnownFileType = sourcecode.swift; path = SharedViewModel.swift; sourceTree = "<group>"; };
		350811AD2C8B49160071C68C /* ViewExtensions.swift */ = {isa = PBXFileReference; lastKnownFileType = sourcecode.swift; path = ViewExtensions.swift; sourceTree = "<group>"; };
		358427992C8CDCB00096B1D0 /* BluetoothManager.swift */ = {isa = PBXFileReference; fileEncoding = 4; lastKnownFileType = sourcecode.swift; path = BluetoothManager.swift; sourceTree = "<group>"; };
		35DA3A5C2C8739FB0039D19D /* LumiFur.app */ = {isa = PBXFileReference; explicitFileType = wrapper.application; includeInIndex = 0; path = LumiFur.app; sourceTree = BUILT_PRODUCTS_DIR; };
		35DA3A5F2C8739FB0039D19D /* LumiFurApp.swift */ = {isa = PBXFileReference; lastKnownFileType = sourcecode.swift; path = LumiFurApp.swift; sourceTree = "<group>"; };
		35DA3A612C8739FB0039D19D /* ContentView.swift */ = {isa = PBXFileReference; lastKnownFileType = sourcecode.swift; path = ContentView.swift; sourceTree = "<group>"; };
		35DA3A632C8739FD0039D19D /* Assets.xcassets */ = {isa = PBXFileReference; lastKnownFileType = folder.assetcatalog; path = Assets.xcassets; sourceTree = "<group>"; };
		35DA3A652C8739FD0039D19D /* LumiFur.entitlements */ = {isa = PBXFileReference; lastKnownFileType = text.plist.entitlements; path = LumiFur.entitlements; sourceTree = "<group>"; };
		35DA3A672C8739FD0039D19D /* Preview Assets.xcassets */ = {isa = PBXFileReference; lastKnownFileType = folder.assetcatalog; path = "Preview Assets.xcassets"; sourceTree = "<group>"; };
		35DA3A6D2C8739FD0039D19D /* LumiFurTests.xctest */ = {isa = PBXFileReference; explicitFileType = wrapper.cfbundle; includeInIndex = 0; path = LumiFurTests.xctest; sourceTree = BUILT_PRODUCTS_DIR; };
		35DA3A712C8739FD0039D19D /* LumiFurTests.swift */ = {isa = PBXFileReference; lastKnownFileType = sourcecode.swift; path = LumiFurTests.swift; sourceTree = "<group>"; };
		35DA3A772C8739FD0039D19D /* LumiFurUITests.xctest */ = {isa = PBXFileReference; explicitFileType = wrapper.cfbundle; includeInIndex = 0; path = LumiFurUITests.xctest; sourceTree = BUILT_PRODUCTS_DIR; };
		35DA3A7B2C8739FD0039D19D /* LumiFurUITests.swift */ = {isa = PBXFileReference; lastKnownFileType = sourcecode.swift; path = LumiFurUITests.swift; sourceTree = "<group>"; };
		35DA3A7D2C8739FD0039D19D /* LumiFurUITestsLaunchTests.swift */ = {isa = PBXFileReference; lastKnownFileType = sourcecode.swift; path = LumiFurUITestsLaunchTests.swift; sourceTree = "<group>"; };
/* End PBXFileReference section */

/* Begin PBXFrameworksBuildPhase section */
		35DA3A592C8739FB0039D19D /* Frameworks */ = {
			isa = PBXFrameworksBuildPhase;
			buildActionMask = 2147483647;
			files = (
			);
			runOnlyForDeploymentPostprocessing = 0;
		};
		35DA3A6A2C8739FD0039D19D /* Frameworks */ = {
			isa = PBXFrameworksBuildPhase;
			buildActionMask = 2147483647;
			files = (
			);
			runOnlyForDeploymentPostprocessing = 0;
		};
		35DA3A742C8739FD0039D19D /* Frameworks */ = {
			isa = PBXFrameworksBuildPhase;
			buildActionMask = 2147483647;
			files = (
			);
			runOnlyForDeploymentPostprocessing = 0;
		};
/* End PBXFrameworksBuildPhase section */

/* Begin PBXGroup section */
		35DA3A532C8739FB0039D19D = {
			isa = PBXGroup;
			children = (
				35DA3A5E2C8739FB0039D19D /* LumiFur */,
				35DA3A702C8739FD0039D19D /* LumiFurTests */,
				35DA3A7A2C8739FD0039D19D /* LumiFurUITests */,
				35DA3A5D2C8739FB0039D19D /* Products */,
			);
			sourceTree = "<group>";
		};
		35DA3A5D2C8739FB0039D19D /* Products */ = {
			isa = PBXGroup;
			children = (
				35DA3A5C2C8739FB0039D19D /* LumiFur.app */,
				35DA3A6D2C8739FD0039D19D /* LumiFurTests.xctest */,
				35DA3A772C8739FD0039D19D /* LumiFurUITests.xctest */,
			);
			name = Products;
			sourceTree = "<group>";
		};
		35DA3A5E2C8739FB0039D19D /* LumiFur */ = {
			isa = PBXGroup;
			children = (
				35DA3A5F2C8739FB0039D19D /* LumiFurApp.swift */,
				35DA3A612C8739FB0039D19D /* ContentView.swift */,
				350811AD2C8B49160071C68C /* ViewExtensions.swift */,
				358427992C8CDCB00096B1D0 /* BluetoothManager.swift */,
				350811AB2C8B3D930071C68C /* SharedViewModel.swift */,
				35DA3A632C8739FD0039D19D /* Assets.xcassets */,
				35DA3A652C8739FD0039D19D /* LumiFur.entitlements */,
				350811A62C89EF720071C68C /* blinking.mp4 */,
				35DA3A662C8739FD0039D19D /* Preview Content */,
			);
			path = LumiFur;
			sourceTree = "<group>";
		};
		35DA3A662C8739FD0039D19D /* Preview Content */ = {
			isa = PBXGroup;
			children = (
				35DA3A672C8739FD0039D19D /* Preview Assets.xcassets */,
			);
			path = "Preview Content";
			sourceTree = "<group>";
		};
		35DA3A702C8739FD0039D19D /* LumiFurTests */ = {
			isa = PBXGroup;
			children = (
				35DA3A712C8739FD0039D19D /* LumiFurTests.swift */,
			);
			path = LumiFurTests;
			sourceTree = "<group>";
		};
		35DA3A7A2C8739FD0039D19D /* LumiFurUITests */ = {
			isa = PBXGroup;
			children = (
				35DA3A7B2C8739FD0039D19D /* LumiFurUITests.swift */,
				35DA3A7D2C8739FD0039D19D /* LumiFurUITestsLaunchTests.swift */,
			);
			path = LumiFurUITests;
			sourceTree = "<group>";
		};
/* End PBXGroup section */

/* Begin PBXNativeTarget section */
		35DA3A5B2C8739FB0039D19D /* LumiFur */ = {
			isa = PBXNativeTarget;
			buildConfigurationList = 35DA3A812C8739FD0039D19D /* Build configuration list for PBXNativeTarget "LumiFur" */;
			buildPhases = (
				35DA3A582C8739FB0039D19D /* Sources */,
				35DA3A592C8739FB0039D19D /* Frameworks */,
				35DA3A5A2C8739FB0039D19D /* Resources */,
			);
			buildRules = (
			);
			dependencies = (
			);
			name = LumiFur;
			productName = LumiFur;
			productReference = 35DA3A5C2C8739FB0039D19D /* LumiFur.app */;
			productType = "com.apple.product-type.application";
		};
		35DA3A6C2C8739FD0039D19D /* LumiFurTests */ = {
			isa = PBXNativeTarget;
			buildConfigurationList = 35DA3A842C8739FD0039D19D /* Build configuration list for PBXNativeTarget "LumiFurTests" */;
			buildPhases = (
				35DA3A692C8739FD0039D19D /* Sources */,
				35DA3A6A2C8739FD0039D19D /* Frameworks */,
				35DA3A6B2C8739FD0039D19D /* Resources */,
			);
			buildRules = (
			);
			dependencies = (
				35DA3A6F2C8739FD0039D19D /* PBXTargetDependency */,
			);
			name = LumiFurTests;
			productName = LumiFurTests;
			productReference = 35DA3A6D2C8739FD0039D19D /* LumiFurTests.xctest */;
			productType = "com.apple.product-type.bundle.unit-test";
		};
		35DA3A762C8739FD0039D19D /* LumiFurUITests */ = {
			isa = PBXNativeTarget;
			buildConfigurationList = 35DA3A872C8739FD0039D19D /* Build configuration list for PBXNativeTarget "LumiFurUITests" */;
			buildPhases = (
				35DA3A732C8739FD0039D19D /* Sources */,
				35DA3A742C8739FD0039D19D /* Frameworks */,
				35DA3A752C8739FD0039D19D /* Resources */,
			);
			buildRules = (
			);
			dependencies = (
				35DA3A792C8739FD0039D19D /* PBXTargetDependency */,
			);
			name = LumiFurUITests;
			productName = LumiFurUITests;
			productReference = 35DA3A772C8739FD0039D19D /* LumiFurUITests.xctest */;
			productType = "com.apple.product-type.bundle.ui-testing";
		};
/* End PBXNativeTarget section */

/* Begin PBXProject section */
		35DA3A542C8739FB0039D19D /* Project object */ = {
			isa = PBXProject;
			attributes = {
				BuildIndependentTargetsInParallel = 1;
				LastSwiftUpdateCheck = 1540;
				LastUpgradeCheck = 1540;
				TargetAttributes = {
					35DA3A5B2C8739FB0039D19D = {
						CreatedOnToolsVersion = 15.4;
					};
					35DA3A6C2C8739FD0039D19D = {
						CreatedOnToolsVersion = 15.4;
						TestTargetID = 35DA3A5B2C8739FB0039D19D;
					};
					35DA3A762C8739FD0039D19D = {
						CreatedOnToolsVersion = 15.4;
						TestTargetID = 35DA3A5B2C8739FB0039D19D;
					};
				};
			};
			buildConfigurationList = 35DA3A572C8739FB0039D19D /* Build configuration list for PBXProject "LumiFur" */;
			compatibilityVersion = "Xcode 14.0";
			developmentRegion = en;
			hasScannedForEncodings = 0;
			knownRegions = (
				en,
				Base,
			);
			mainGroup = 35DA3A532C8739FB0039D19D;
			productRefGroup = 35DA3A5D2C8739FB0039D19D /* Products */;
			projectDirPath = "";
			projectRoot = "";
			targets = (
				35DA3A5B2C8739FB0039D19D /* LumiFur */,
				35DA3A6C2C8739FD0039D19D /* LumiFurTests */,
				35DA3A762C8739FD0039D19D /* LumiFurUITests */,
			);
		};
/* End PBXProject section */

/* Begin PBXResourcesBuildPhase section */
		35DA3A5A2C8739FB0039D19D /* Resources */ = {
			isa = PBXResourcesBuildPhase;
			buildActionMask = 2147483647;
			files = (
				35DA3A682C8739FD0039D19D /* Preview Assets.xcassets in Resources */,
				35DA3A642C8739FD0039D19D /* Assets.xcassets in Resources */,
				350811A72C89EF720071C68C /* blinking.mp4 in Resources */,
			);
			runOnlyForDeploymentPostprocessing = 0;
		};
		35DA3A6B2C8739FD0039D19D /* Resources */ = {
			isa = PBXResourcesBuildPhase;
			buildActionMask = 2147483647;
			files = (
				350811A82C89EF720071C68C /* blinking.mp4 in Resources */,
			);
			runOnlyForDeploymentPostprocessing = 0;
		};
		35DA3A752C8739FD0039D19D /* Resources */ = {
			isa = PBXResourcesBuildPhase;
			buildActionMask = 2147483647;
			files = (
			);
			runOnlyForDeploymentPostprocessing = 0;
		};
/* End PBXResourcesBuildPhase section */

/* Begin PBXSourcesBuildPhase section */
		35DA3A582C8739FB0039D19D /* Sources */ = {
			isa = PBXSourcesBuildPhase;
			buildActionMask = 2147483647;
			files = (
				35DA3A622C8739FB0039D19D /* ContentView.swift in Sources */,
				350811AC2C8B3D930071C68C /* SharedViewModel.swift in Sources */,
				350811AE2C8B49160071C68C /* ViewExtensions.swift in Sources */,
				35DA3A602C8739FB0039D19D /* LumiFurApp.swift in Sources */,
				3584279A2C8CDCB00096B1D0 /* BluetoothManager.swift in Sources */,
			);
			runOnlyForDeploymentPostprocessing = 0;
		};
		35DA3A692C8739FD0039D19D /* Sources */ = {
			isa = PBXSourcesBuildPhase;
			buildActionMask = 2147483647;
			files = (
				35DA3A722C8739FD0039D19D /* LumiFurTests.swift in Sources */,
			);
			runOnlyForDeploymentPostprocessing = 0;
		};
		35DA3A732C8739FD0039D19D /* Sources */ = {
			isa = PBXSourcesBuildPhase;
			buildActionMask = 2147483647;
			files = (
				35DA3A7C2C8739FD0039D19D /* LumiFurUITests.swift in Sources */,
				35DA3A7E2C8739FD0039D19D /* LumiFurUITestsLaunchTests.swift in Sources */,
			);
			runOnlyForDeploymentPostprocessing = 0;
		};
/* End PBXSourcesBuildPhase section */

/* Begin PBXTargetDependency section */
		35DA3A6F2C8739FD0039D19D /* PBXTargetDependency */ = {
			isa = PBXTargetDependency;
			target = 35DA3A5B2C8739FB0039D19D /* LumiFur */;
			targetProxy = 35DA3A6E2C8739FD0039D19D /* PBXContainerItemProxy */;
		};
		35DA3A792C8739FD0039D19D /* PBXTargetDependency */ = {
			isa = PBXTargetDependency;
			target = 35DA3A5B2C8739FB0039D19D /* LumiFur */;
			targetProxy = 35DA3A782C8739FD0039D19D /* PBXContainerItemProxy */;
		};
/* End PBXTargetDependency section */

/* Begin XCBuildConfiguration section */
		35DA3A7F2C8739FD0039D19D /* Debug */ = {
			isa = XCBuildConfiguration;
			buildSettings = {
				ALWAYS_SEARCH_USER_PATHS = NO;
				ASSETCATALOG_COMPILER_GENERATE_SWIFT_ASSET_SYMBOL_EXTENSIONS = YES;
				CLANG_ANALYZER_NONNULL = YES;
				CLANG_ANALYZER_NUMBER_OBJECT_CONVERSION = YES_AGGRESSIVE;
				CLANG_CXX_LANGUAGE_STANDARD = "gnu++20";
				CLANG_ENABLE_MODULES = YES;
				CLANG_ENABLE_OBJC_ARC = YES;
				CLANG_ENABLE_OBJC_WEAK = YES;
				CLANG_WARN_BLOCK_CAPTURE_AUTORELEASING = YES;
				CLANG_WARN_BOOL_CONVERSION = YES;
				CLANG_WARN_COMMA = YES;
				CLANG_WARN_CONSTANT_CONVERSION = YES;
				CLANG_WARN_DEPRECATED_OBJC_IMPLEMENTATIONS = YES;
				CLANG_WARN_DIRECT_OBJC_ISA_USAGE = YES_ERROR;
				CLANG_WARN_DOCUMENTATION_COMMENTS = YES;
				CLANG_WARN_EMPTY_BODY = YES;
				CLANG_WARN_ENUM_CONVERSION = YES;
				CLANG_WARN_INFINITE_RECURSION = YES;
				CLANG_WARN_INT_CONVERSION = YES;
				CLANG_WARN_NON_LITERAL_NULL_CONVERSION = YES;
				CLANG_WARN_OBJC_IMPLICIT_RETAIN_SELF = YES;
				CLANG_WARN_OBJC_LITERAL_CONVERSION = YES;
				CLANG_WARN_OBJC_ROOT_CLASS = YES_ERROR;
				CLANG_WARN_QUOTED_INCLUDE_IN_FRAMEWORK_HEADER = YES;
				CLANG_WARN_RANGE_LOOP_ANALYSIS = YES;
				CLANG_WARN_STRICT_PROTOTYPES = YES;
				CLANG_WARN_SUSPICIOUS_MOVE = YES;
				CLANG_WARN_UNGUARDED_AVAILABILITY = YES_AGGRESSIVE;
				CLANG_WARN_UNREACHABLE_CODE = YES;
				CLANG_WARN__DUPLICATE_METHOD_MATCH = YES;
				COPY_PHASE_STRIP = NO;
				DEBUG_INFORMATION_FORMAT = dwarf;
				ENABLE_STRICT_OBJC_MSGSEND = YES;
				ENABLE_TESTABILITY = YES;
				ENABLE_USER_SCRIPT_SANDBOXING = YES;
				GCC_C_LANGUAGE_STANDARD = gnu17;
				GCC_DYNAMIC_NO_PIC = NO;
				GCC_NO_COMMON_BLOCKS = YES;
				GCC_OPTIMIZATION_LEVEL = 0;
				GCC_PREPROCESSOR_DEFINITIONS = (
					"DEBUG=1",
					"$(inherited)",
				);
				GCC_WARN_64_TO_32_BIT_CONVERSION = YES;
				GCC_WARN_ABOUT_RETURN_TYPE = YES_ERROR;
				GCC_WARN_UNDECLARED_SELECTOR = YES;
				GCC_WARN_UNINITIALIZED_AUTOS = YES_AGGRESSIVE;
				GCC_WARN_UNUSED_FUNCTION = YES;
				GCC_WARN_UNUSED_VARIABLE = YES;
				LOCALIZATION_PREFERS_STRING_CATALOGS = YES;
				MTL_ENABLE_DEBUG_INFO = INCLUDE_SOURCE;
				MTL_FAST_MATH = YES;
				ONLY_ACTIVE_ARCH = YES;
				SWIFT_ACTIVE_COMPILATION_CONDITIONS = "DEBUG $(inherited)";
				SWIFT_OPTIMIZATION_LEVEL = "-Onone";
			};
			name = Debug;
		};
		35DA3A802C8739FD0039D19D /* Release */ = {
			isa = XCBuildConfiguration;
			buildSettings = {
				ALWAYS_SEARCH_USER_PATHS = NO;
				ASSETCATALOG_COMPILER_GENERATE_SWIFT_ASSET_SYMBOL_EXTENSIONS = YES;
				CLANG_ANALYZER_NONNULL = YES;
				CLANG_ANALYZER_NUMBER_OBJECT_CONVERSION = YES_AGGRESSIVE;
				CLANG_CXX_LANGUAGE_STANDARD = "gnu++20";
				CLANG_ENABLE_MODULES = YES;
				CLANG_ENABLE_OBJC_ARC = YES;
				CLANG_ENABLE_OBJC_WEAK = YES;
				CLANG_WARN_BLOCK_CAPTURE_AUTORELEASING = YES;
				CLANG_WARN_BOOL_CONVERSION = YES;
				CLANG_WARN_COMMA = YES;
				CLANG_WARN_CONSTANT_CONVERSION = YES;
				CLANG_WARN_DEPRECATED_OBJC_IMPLEMENTATIONS = YES;
				CLANG_WARN_DIRECT_OBJC_ISA_USAGE = YES_ERROR;
				CLANG_WARN_DOCUMENTATION_COMMENTS = YES;
				CLANG_WARN_EMPTY_BODY = YES;
				CLANG_WARN_ENUM_CONVERSION = YES;
				CLANG_WARN_INFINITE_RECURSION = YES;
				CLANG_WARN_INT_CONVERSION = YES;
				CLANG_WARN_NON_LITERAL_NULL_CONVERSION = YES;
				CLANG_WARN_OBJC_IMPLICIT_RETAIN_SELF = YES;
				CLANG_WARN_OBJC_LITERAL_CONVERSION = YES;
				CLANG_WARN_OBJC_ROOT_CLASS = YES_ERROR;
				CLANG_WARN_QUOTED_INCLUDE_IN_FRAMEWORK_HEADER = YES;
				CLANG_WARN_RANGE_LOOP_ANALYSIS = YES;
				CLANG_WARN_STRICT_PROTOTYPES = YES;
				CLANG_WARN_SUSPICIOUS_MOVE = YES;
				CLANG_WARN_UNGUARDED_AVAILABILITY = YES_AGGRESSIVE;
				CLANG_WARN_UNREACHABLE_CODE = YES;
				CLANG_WARN__DUPLICATE_METHOD_MATCH = YES;
				COPY_PHASE_STRIP = NO;
				DEBUG_INFORMATION_FORMAT = "dwarf-with-dsym";
				ENABLE_NS_ASSERTIONS = NO;
				ENABLE_STRICT_OBJC_MSGSEND = YES;
				ENABLE_USER_SCRIPT_SANDBOXING = YES;
				GCC_C_LANGUAGE_STANDARD = gnu17;
				GCC_NO_COMMON_BLOCKS = YES;
				GCC_WARN_64_TO_32_BIT_CONVERSION = YES;
				GCC_WARN_ABOUT_RETURN_TYPE = YES_ERROR;
				GCC_WARN_UNDECLARED_SELECTOR = YES;
				GCC_WARN_UNINITIALIZED_AUTOS = YES_AGGRESSIVE;
				GCC_WARN_UNUSED_FUNCTION = YES;
				GCC_WARN_UNUSED_VARIABLE = YES;
				LOCALIZATION_PREFERS_STRING_CATALOGS = YES;
				MTL_ENABLE_DEBUG_INFO = NO;
				MTL_FAST_MATH = YES;
				SWIFT_COMPILATION_MODE = wholemodule;
			};
			name = Release;
		};
		35DA3A822C8739FD0039D19D /* Debug */ = {
			isa = XCBuildConfiguration;
			buildSettings = {
				ASSETCATALOG_COMPILER_APPICON_NAME = AppIcon;
				ASSETCATALOG_COMPILER_GLOBAL_ACCENT_COLOR_NAME = AccentColor;
				CODE_SIGN_ENTITLEMENTS = LumiFur/LumiFur.entitlements;
				CODE_SIGN_STYLE = Automatic;
				CURRENT_PROJECT_VERSION = 1;
				DEVELOPMENT_ASSET_PATHS = "\"LumiFur/Preview Content\"";
				DEVELOPMENT_TEAM = Z64L7GR687;
				ENABLE_HARDENED_RUNTIME = YES;
				ENABLE_PREVIEWS = YES;
				GENERATE_INFOPLIST_FILE = YES;
				"INFOPLIST_KEY_UIApplicationSceneManifest_Generation[sdk=iphoneos*]" = YES;
				"INFOPLIST_KEY_UIApplicationSceneManifest_Generation[sdk=iphonesimulator*]" = YES;
				"INFOPLIST_KEY_UIApplicationSupportsIndirectInputEvents[sdk=iphoneos*]" = YES;
				"INFOPLIST_KEY_UIApplicationSupportsIndirectInputEvents[sdk=iphonesimulator*]" = YES;
				"INFOPLIST_KEY_UILaunchScreen_Generation[sdk=iphoneos*]" = YES;
				"INFOPLIST_KEY_UILaunchScreen_Generation[sdk=iphonesimulator*]" = YES;
				"INFOPLIST_KEY_UIStatusBarStyle[sdk=iphoneos*]" = UIStatusBarStyleDefault;
				"INFOPLIST_KEY_UIStatusBarStyle[sdk=iphonesimulator*]" = UIStatusBarStyleDefault;
				INFOPLIST_KEY_UISupportedInterfaceOrientations_iPad = "UIInterfaceOrientationPortrait UIInterfaceOrientationPortraitUpsideDown UIInterfaceOrientationLandscapeLeft UIInterfaceOrientationLandscapeRight";
				INFOPLIST_KEY_UISupportedInterfaceOrientations_iPhone = "UIInterfaceOrientationPortrait UIInterfaceOrientationLandscapeLeft UIInterfaceOrientationLandscapeRight";
				IPHONEOS_DEPLOYMENT_TARGET = 17.5;
				LD_RUNPATH_SEARCH_PATHS = "@executable_path/Frameworks";
				"LD_RUNPATH_SEARCH_PATHS[sdk=macosx*]" = "@executable_path/../Frameworks";
				MACOSX_DEPLOYMENT_TARGET = 14.5;
				MARKETING_VERSION = 1.0;
				PRODUCT_BUNDLE_IDENTIFIER = com.richies3d.LumiFur;
				PRODUCT_NAME = "$(TARGET_NAME)";
				SDKROOT = auto;
				SUPPORTED_PLATFORMS = "iphoneos iphonesimulator macosx";
				SWIFT_EMIT_LOC_STRINGS = YES;
				SWIFT_VERSION = 5.0;
				TARGETED_DEVICE_FAMILY = "1,2";
			};
			name = Debug;
		};
		35DA3A832C8739FD0039D19D /* Release */ = {
			isa = XCBuildConfiguration;
			buildSettings = {
				ASSETCATALOG_COMPILER_APPICON_NAME = AppIcon;
				ASSETCATALOG_COMPILER_GLOBAL_ACCENT_COLOR_NAME = AccentColor;
				CODE_SIGN_ENTITLEMENTS = LumiFur/LumiFur.entitlements;
				CODE_SIGN_STYLE = Automatic;
				CURRENT_PROJECT_VERSION = 1;
				DEVELOPMENT_ASSET_PATHS = "\"LumiFur/Preview Content\"";
				DEVELOPMENT_TEAM = Z64L7GR687;
				ENABLE_HARDENED_RUNTIME = YES;
				ENABLE_PREVIEWS = YES;
				GENERATE_INFOPLIST_FILE = YES;
				"INFOPLIST_KEY_UIApplicationSceneManifest_Generation[sdk=iphoneos*]" = YES;
				"INFOPLIST_KEY_UIApplicationSceneManifest_Generation[sdk=iphonesimulator*]" = YES;
				"INFOPLIST_KEY_UIApplicationSupportsIndirectInputEvents[sdk=iphoneos*]" = YES;
				"INFOPLIST_KEY_UIApplicationSupportsIndirectInputEvents[sdk=iphonesimulator*]" = YES;
				"INFOPLIST_KEY_UILaunchScreen_Generation[sdk=iphoneos*]" = YES;
				"INFOPLIST_KEY_UILaunchScreen_Generation[sdk=iphonesimulator*]" = YES;
				"INFOPLIST_KEY_UIStatusBarStyle[sdk=iphoneos*]" = UIStatusBarStyleDefault;
				"INFOPLIST_KEY_UIStatusBarStyle[sdk=iphonesimulator*]" = UIStatusBarStyleDefault;
				INFOPLIST_KEY_UISupportedInterfaceOrientations_iPad = "UIInterfaceOrientationPortrait UIInterfaceOrientationPortraitUpsideDown UIInterfaceOrientationLandscapeLeft UIInterfaceOrientationLandscapeRight";
				INFOPLIST_KEY_UISupportedInterfaceOrientations_iPhone = "UIInterfaceOrientationPortrait UIInterfaceOrientationLandscapeLeft UIInterfaceOrientationLandscapeRight";
				IPHONEOS_DEPLOYMENT_TARGET = 17.5;
				LD_RUNPATH_SEARCH_PATHS = "@executable_path/Frameworks";
				"LD_RUNPATH_SEARCH_PATHS[sdk=macosx*]" = "@executable_path/../Frameworks";
				MACOSX_DEPLOYMENT_TARGET = 14.5;
				MARKETING_VERSION = 1.0;
				PRODUCT_BUNDLE_IDENTIFIER = com.richies3d.LumiFur;
				PRODUCT_NAME = "$(TARGET_NAME)";
				SDKROOT = auto;
				SUPPORTED_PLATFORMS = "iphoneos iphonesimulator macosx";
				SWIFT_EMIT_LOC_STRINGS = YES;
				SWIFT_VERSION = 5.0;
				TARGETED_DEVICE_FAMILY = "1,2";
			};
			name = Release;
		};
		35DA3A852C8739FD0039D19D /* Debug */ = {
			isa = XCBuildConfiguration;
			buildSettings = {
				ALWAYS_EMBED_SWIFT_STANDARD_LIBRARIES = YES;
				BUNDLE_LOADER = "$(TEST_HOST)";
				CODE_SIGN_STYLE = Automatic;
				CURRENT_PROJECT_VERSION = 1;
				DEVELOPMENT_TEAM = Z64L7GR687;
				GENERATE_INFOPLIST_FILE = YES;
				IPHONEOS_DEPLOYMENT_TARGET = 17.5;
				MACOSX_DEPLOYMENT_TARGET = 14.5;
				MARKETING_VERSION = 1.0;
				PRODUCT_BUNDLE_IDENTIFIER = com.richies3d.LumiFurTests;
				PRODUCT_NAME = "$(TARGET_NAME)";
				SDKROOT = auto;
				SUPPORTED_PLATFORMS = "iphoneos iphonesimulator macosx";
				SWIFT_EMIT_LOC_STRINGS = NO;
				SWIFT_VERSION = 5.0;
				TARGETED_DEVICE_FAMILY = "1,2";
				TEST_HOST = "$(BUILT_PRODUCTS_DIR)/LumiFur.app/$(BUNDLE_EXECUTABLE_FOLDER_PATH)/LumiFur";
			};
			name = Debug;
		};
		35DA3A862C8739FD0039D19D /* Release */ = {
			isa = XCBuildConfiguration;
			buildSettings = {
				ALWAYS_EMBED_SWIFT_STANDARD_LIBRARIES = YES;
				BUNDLE_LOADER = "$(TEST_HOST)";
				CODE_SIGN_STYLE = Automatic;
				CURRENT_PROJECT_VERSION = 1;
				DEVELOPMENT_TEAM = Z64L7GR687;
				GENERATE_INFOPLIST_FILE = YES;
				IPHONEOS_DEPLOYMENT_TARGET = 17.5;
				MACOSX_DEPLOYMENT_TARGET = 14.5;
				MARKETING_VERSION = 1.0;
				PRODUCT_BUNDLE_IDENTIFIER = com.richies3d.LumiFurTests;
				PRODUCT_NAME = "$(TARGET_NAME)";
				SDKROOT = auto;
				SUPPORTED_PLATFORMS = "iphoneos iphonesimulator macosx";
				SWIFT_EMIT_LOC_STRINGS = NO;
				SWIFT_VERSION = 5.0;
				TARGETED_DEVICE_FAMILY = "1,2";
				TEST_HOST = "$(BUILT_PRODUCTS_DIR)/LumiFur.app/$(BUNDLE_EXECUTABLE_FOLDER_PATH)/LumiFur";
			};
			name = Release;
		};
		35DA3A882C8739FD0039D19D /* Debug */ = {
			isa = XCBuildConfiguration;
			buildSettings = {
				ALWAYS_EMBED_SWIFT_STANDARD_LIBRARIES = YES;
				CODE_SIGN_STYLE = Automatic;
				CURRENT_PROJECT_VERSION = 1;
				DEVELOPMENT_TEAM = Z64L7GR687;
				GENERATE_INFOPLIST_FILE = YES;
				IPHONEOS_DEPLOYMENT_TARGET = 17.5;
				MACOSX_DEPLOYMENT_TARGET = 14.5;
				MARKETING_VERSION = 1.0;
				PRODUCT_BUNDLE_IDENTIFIER = com.richies3d.LumiFurUITests;
				PRODUCT_NAME = "$(TARGET_NAME)";
				SDKROOT = auto;
				SUPPORTED_PLATFORMS = "iphoneos iphonesimulator macosx";
				SWIFT_EMIT_LOC_STRINGS = NO;
				SWIFT_VERSION = 5.0;
				TARGETED_DEVICE_FAMILY = "1,2";
				TEST_TARGET_NAME = LumiFur;
			};
			name = Debug;
		};
		35DA3A892C8739FD0039D19D /* Release */ = {
			isa = XCBuildConfiguration;
			buildSettings = {
				ALWAYS_EMBED_SWIFT_STANDARD_LIBRARIES = YES;
				CODE_SIGN_STYLE = Automatic;
				CURRENT_PROJECT_VERSION = 1;
				DEVELOPMENT_TEAM = Z64L7GR687;
				GENERATE_INFOPLIST_FILE = YES;
				IPHONEOS_DEPLOYMENT_TARGET = 17.5;
				MACOSX_DEPLOYMENT_TARGET = 14.5;
				MARKETING_VERSION = 1.0;
				PRODUCT_BUNDLE_IDENTIFIER = com.richies3d.LumiFurUITests;
				PRODUCT_NAME = "$(TARGET_NAME)";
				SDKROOT = auto;
				SUPPORTED_PLATFORMS = "iphoneos iphonesimulator macosx";
				SWIFT_EMIT_LOC_STRINGS = NO;
				SWIFT_VERSION = 5.0;
				TARGETED_DEVICE_FAMILY = "1,2";
				TEST_TARGET_NAME = LumiFur;
			};
			name = Release;
		};
/* End XCBuildConfiguration section */

/* Begin XCConfigurationList section */
		35DA3A572C8739FB0039D19D /* Build configuration list for PBXProject "LumiFur" */ = {
			isa = XCConfigurationList;
			buildConfigurations = (
				35DA3A7F2C8739FD0039D19D /* Debug */,
				35DA3A802C8739FD0039D19D /* Release */,
			);
			defaultConfigurationIsVisible = 0;
			defaultConfigurationName = Release;
		};
		35DA3A812C8739FD0039D19D /* Build configuration list for PBXNativeTarget "LumiFur" */ = {
			isa = XCConfigurationList;
			buildConfigurations = (
				35DA3A822C8739FD0039D19D /* Debug */,
				35DA3A832C8739FD0039D19D /* Release */,
			);
			defaultConfigurationIsVisible = 0;
			defaultConfigurationName = Release;
		};
		35DA3A842C8739FD0039D19D /* Build configuration list for PBXNativeTarget "LumiFurTests" */ = {
			isa = XCConfigurationList;
			buildConfigurations = (
				35DA3A852C8739FD0039D19D /* Debug */,
				35DA3A862C8739FD0039D19D /* Release */,
			);
			defaultConfigurationIsVisible = 0;
			defaultConfigurationName = Release;
		};
		35DA3A872C8739FD0039D19D /* Build configuration list for PBXNativeTarget "LumiFurUITests" */ = {
			isa = XCConfigurationList;
			buildConfigurations = (
				35DA3A882C8739FD0039D19D /* Debug */,
				35DA3A892C8739FD0039D19D /* Release */,
			);
			defaultConfigurationIsVisible = 0;
			defaultConfigurationName = Release;
		};
/* End XCConfigurationList section */
	};
	rootObject = 35DA3A542C8739FB0039D19D /* Project object */;
}
