// !$*UTF8*$!
{
	archiveVersion = 1;
	classes = {
	};
	objectVersion = 90;
	objects = {

/* Begin PBXBuildFile section */
		35062EA82E107A590012AC60 /* MarkdownUI in Frameworks */ = {isa = PBXBuildFile; productRef = 35062EA72E107A590012AC60 /* MarkdownUI */; };
		35197ABF2DA1A17100BE0EE3 /* MarkdownUI in Frameworks */ = {isa = PBXBuildFile; productRef = 35197ABE2DA1A17100BE0EE3 /* MarkdownUI */; };
		352B631A2DA2B9B3004E5E74 /* OptionToggleView.swift in Sources */ = {isa = PBXBuildFile; fileRef = 352B63192DA2B9A7004E5E74 /* OptionToggleView.swift */; };
		35382F522E4CC7DE0087A8BE /* SettingsStore.swift in Sources */ = {isa = PBXBuildFile; fileRef = 35382F512E4CC7DD0087A8BE /* SettingsStore.swift */; };
		354069332DF4BB7F00D9040D /* DeviceInfoView.swift in Sources */ = {isa = PBXBuildFile; fileRef = 354069322DF4BB7F00D9040D /* DeviceInfoView.swift */; };
		354069352DF4D77B00D9040D /* OTAUpdateView.swift in Sources */ = {isa = PBXBuildFile; fileRef = 354069342DF4D77B00D9040D /* OTAUpdateView.swift */; };
		354470452DA55F0E0061FD83 /* SharedOptions.swift in Sources */ = {isa = PBXBuildFile; fileRef = 354470442DA55EF70061FD83 /* SharedOptions.swift */; };
		354B00CD2DCE631A00825147 /* SharedOptions.swift in Sources */ = {isa = PBXBuildFile; fileRef = 354470442DA55EF70061FD83 /* SharedOptions.swift */; };
		354B00D72DD26E3A00825147 /* GlassPane.swift in Sources */ = {isa = PBXBuildFile; fileRef = 354B00CE2DD2698E00825147 /* GlassPane.swift */; };
		354B00D82DD26E4000825147 /* GlassView.swift in Sources */ = {isa = PBXBuildFile; fileRef = 354B00D12DD269F900825147 /* GlassView.swift */; };
		354B00D92DD26E4500825147 /* GlassLazyHGrid.swift in Sources */ = {isa = PBXBuildFile; fileRef = 354B00D52DD26A7300825147 /* GlassLazyHGrid.swift */; };
		354B42862F02B62800074B7F /* AccessoryTypes.swift in Sources */ = {isa = PBXBuildFile; fileRef = 354B42852F02B62800074B7F /* AccessoryTypes.swift */; };
		354B42882F02B62800074B7F /* UncheckedSendableBox.swift in Sources */ = {isa = PBXBuildFile; fileRef = 354B42872F02B62800074B7F /* UncheckedSendableBox.swift */; };
		354B428A2F02B62B00074B7F /* ActivityHelpers.swift in Sources */ = {isa = PBXBuildFile; fileRef = 354B42892F02B62B00074B7F /* ActivityHelpers.swift */; };
		354E0B9E2D8F1AA2008FD025 /* Launch Screen.storyboard in Resources */ = {isa = PBXBuildFile; fileRef = 354E0B9D2D8F1AA2008FD025 /* Launch Screen.storyboard */; platformFilter = ios; };
		355853602EF47AF1001666E6 /* LEDPreviewOLD.swift in Sources */ = {isa = PBXBuildFile; fileRef = 3558535F2EF47AF1001666E6 /* LEDPreviewOLD.swift */; };
		355853662EF483E2001666E6 /* LEDPreviewModel.swift in Sources */ = {isa = PBXBuildFile; fileRef = 355853652EF483E2001666E6 /* LEDPreviewModel.swift */; };
		355853692EF4BAD4001666E6 /* ConnectionUI.swift in Sources */ = {isa = PBXBuildFile; fileRef = 355853682EF4BAD4001666E6 /* ConnectionUI.swift */; };
		355853DA2EF716FB001666E6 /* Assets.xcassets in Resources */ = {isa = PBXBuildFile; fileRef = 35A391A32DD784BD00F60E47 /* Assets.xcassets */; };
		355853DC2EF71D3E001666E6 /* MeshGradient.swift in Sources */ = {isa = PBXBuildFile; fileRef = 352B63212DA31514004E5E74 /* MeshGradient.swift */; };
		355853DD2EF71D48001666E6 /* ViewExtensions.swift in Sources */ = {isa = PBXBuildFile; fileRef = 350811AD2C8B49160071C68C /* ViewExtensions.swift */; };
		355853DF2EF71DAC001666E6 /* InfoView.swift in Sources */ = {isa = PBXBuildFile; fileRef = 355853DE2EF71DAC001666E6 /* InfoView.swift */; };
		355853E12EF71DDA001666E6 /* SocialLink.swift in Sources */ = {isa = PBXBuildFile; fileRef = 355853E02EF71DDA001666E6 /* SocialLink.swift */; };
		355853E52EFE4E31001666E6 /* LEDPreview.swift in Sources */ = {isa = PBXBuildFile; fileRef = 355853E32EFE4828001666E6 /* LEDPreview.swift */; };
		355853E82EFE5C3C001666E6 /* LEDArraySection.swift in Sources */ = {isa = PBXBuildFile; fileRef = 355853E72EFE5C3C001666E6 /* LEDArraySection.swift */; };
		355853EA2EFF7308001666E6 /* IconPickerView.swift in Sources */ = {isa = PBXBuildFile; fileRef = 355853E92EFF7302001666E6 /* IconPickerView.swift */; };
		356D7AEF2DC94AE200D9746B /* SharedKeys.swift in Sources */ = {isa = PBXBuildFile; fileRef = 35D04CA62DB29DAA00199C5D /* SharedKeys.swift */; };
		35741B3A2F05FF0A00D4937C /* PrivacyPolicyView.swift in Sources */ = {isa = PBXBuildFile; fileRef = 35741B392F05FF0A00D4937C /* PrivacyPolicyView.swift */; };
		35741B3D2F061C7800D4937C /* Textual in Frameworks */ = {isa = PBXBuildFile; productRef = 35741B3C2F061C7800D4937C /* Textual */; };
		357EEA692E0EE0140085E438 /* CustomLedView.swift in Sources */ = {isa = PBXBuildFile; fileRef = 357EEA682E0EE00A0085E438 /* CustomLedView.swift */; };
		3580941F2E2BF0A0005DB779 /* ChartView.swift in Sources */ = {isa = PBXBuildFile; fileRef = 3580941E2E2BF0A0005DB779 /* ChartView.swift */; };
		358151A52E16D155003CE8A3 /* ConnectionStateIconView.swift in Sources */ = {isa = PBXBuildFile; fileRef = 358151A42E16D155003CE8A3 /* ConnectionStateIconView.swift */; };
		358151A92E16D23B003CE8A3 /* ConnectionState.swift in Sources */ = {isa = PBXBuildFile; fileRef = 358151A82E16D236003CE8A3 /* ConnectionState.swift */; };
		358151AB2E16FF48003CE8A3 /* AccessoryViewModelTests.swift in Sources */ = {isa = PBXBuildFile; fileRef = 358151AA2E16FF48003CE8A3 /* AccessoryViewModelTests.swift */; };
		358A05E82E43CF3C009D3CC9 /* FaceGridSection.swift in Sources */ = {isa = PBXBuildFile; fileRef = 358A05E72E43CF3B009D3CC9 /* FaceGridSection.swift */; };
		358A05EA2E43D1B1009D3CC9 /* FaceCellView.swift in Sources */ = {isa = PBXBuildFile; fileRef = 358A05E92E43D1B1009D3CC9 /* FaceCellView.swift */; };
		3591DD742D5FB697009A3A94 /* LumiFurWatchOS Watch App.app in Embed Watch Content */ = {isa = PBXBuildFile; fileRef = 3591DD512D5FB695009A3A94 /* LumiFurWatchOS Watch App.app */; settings = {ATTRIBUTES = (RemoveHeadersOnCopy, ); }; };
		3591DD802D5FB75B009A3A94 /* WatchOSConnectivity.swift in Sources */ = {isa = PBXBuildFile; fileRef = 3591DD7F2D5FB753009A3A94 /* WatchOSConnectivity.swift */; };
		35A391A22DD77A6300F60E47 /* GitHubRelease.swift in Sources */ = {isa = PBXBuildFile; fileRef = 35D1A10F2D9A1C8A00AEC573 /* GitHubRelease.swift */; };
		35AE1A422D5D147400FDD29E /* AccessoryViewModel.swift in Sources */ = {isa = PBXBuildFile; fileRef = 35239A242CCFE06300DD483B /* AccessoryViewModel.swift */; };
		35AE1A4D2D5D24C600FDD29E /* WidgetKit.framework in Frameworks */ = {isa = PBXBuildFile; fileRef = 35AE1A4C2D5D24C600FDD29E /* WidgetKit.framework */; };
		35AE1A4F2D5D24C600FDD29E /* SwiftUI.framework in Frameworks */ = {isa = PBXBuildFile; fileRef = 35AE1A4E2D5D24C600FDD29E /* SwiftUI.framework */; };
		35AE1A602D5D24C700FDD29E /* LumiFur WidgetExtension.appex in Embed Foundation Extensions */ = {isa = PBXBuildFile; fileRef = 35AE1A4A2D5D24C600FDD29E /* LumiFur WidgetExtension.appex */; settings = {ATTRIBUTES = (RemoveHeadersOnCopy, ); }; };
		35CD1DBC2E15AE1B0028A6C9 /* StatusSectionView.swift in Sources */ = {isa = PBXBuildFile; fileRef = 35CD1DBB2E15AE1B0028A6C9 /* StatusSectionView.swift */; };
		35CD1DBE2E15AE390028A6C9 /* HeaderView.swift in Sources */ = {isa = PBXBuildFile; fileRef = 35CD1DBD2E15AE390028A6C9 /* HeaderView.swift */; };
		35D04CA72DB29DAA00199C5D /* SharedKeys.swift in Sources */ = {isa = PBXBuildFile; fileRef = 35D04CA62DB29DAA00199C5D /* SharedKeys.swift */; };
		35D04CA92DB29DB300199C5D /* SharedKeys.swift in Sources */ = {isa = PBXBuildFile; fileRef = 35D04CA62DB29DAA00199C5D /* SharedKeys.swift */; };
		35D1A1102D9A1C8A00AEC573 /* GitHubRelease.swift in Sources */ = {isa = PBXBuildFile; fileRef = 35D1A10F2D9A1C8A00AEC573 /* GitHubRelease.swift */; };
		35D1A1162D9A377E00AEC573 /* ReleaseViewModel.swift in Sources */ = {isa = PBXBuildFile; fileRef = 35D1A1152D9A377700AEC573 /* ReleaseViewModel.swift */; };
		35DA3A602C8739FB0039D19D /* LumiFurApp.swift in Sources */ = {isa = PBXBuildFile; fileRef = 35DA3A5F2C8739FB0039D19D /* LumiFurApp.swift */; };
		35DA3A622C8739FB0039D19D /* ContentView.swift in Sources */ = {isa = PBXBuildFile; fileRef = 35DA3A612C8739FB0039D19D /* ContentView.swift */; };
		35DA3A682C8739FD0039D19D /* Preview Assets.xcassets in Resources */ = {isa = PBXBuildFile; fileRef = 35DA3A672C8739FD0039D19D /* Preview Assets.xcassets */; };
		35DA3A722C8739FD0039D19D /* LumiFurTests.swift in Sources */ = {isa = PBXBuildFile; fileRef = 35DA3A712C8739FD0039D19D /* LumiFurTests.swift */; };
		35DA3A7C2C8739FD0039D19D /* LumiFurUITests.swift in Sources */ = {isa = PBXBuildFile; fileRef = 35DA3A7B2C8739FD0039D19D /* LumiFurUITests.swift */; };
		35DA3A7E2C8739FD0039D19D /* LumiFurUITestsLaunchTests.swift in Sources */ = {isa = PBXBuildFile; fileRef = 35DA3A7D2C8739FD0039D19D /* LumiFurUITestsLaunchTests.swift */; };
		35E4D4022DF88DE9004EB85E /* splashView.swift in Sources */ = {isa = PBXBuildFile; fileRef = 35E4D4012DF88DE4004EB85E /* splashView.swift */; };
		35E4D4042DF88E38004EB85E /* WhatsNew.swift in Sources */ = {isa = PBXBuildFile; fileRef = 35E4D4032DF88E38004EB85E /* WhatsNew.swift */; };
		35E4D4062DF88E78004EB85E /* ReleaseNotesView.swift in Sources */ = {isa = PBXBuildFile; fileRef = 35E4D4052DF88E78004EB85E /* ReleaseNotesView.swift */; };
		35E93AB02E17EDD600E9D52F /* AboutSectionView.swift in Sources */ = {isa = PBXBuildFile; fileRef = 35E93AAF2E17EDD600E9D52F /* AboutSectionView.swift */; };
		35E93AB22E17EDF600E9D52F /* DeviceListView.swift in Sources */ = {isa = PBXBuildFile; fileRef = 35E93AB12E17EDF600E9D52F /* DeviceListView.swift */; };
		35E93AB62E17F0A700E9D52F /* SettingsView.swift in Sources */ = {isa = PBXBuildFile; fileRef = 35E93AB52E17F0A700E9D52F /* SettingsView.swift */; };
		35E93AB82E17F17A00E9D52F /* MatrixStylePicker.swift in Sources */ = {isa = PBXBuildFile; fileRef = 35E93AB72E17F17A00E9D52F /* MatrixStylePicker.swift */; };
		35F936F42DBC808D00A45B64 /* Meloriac.ttf in Resources */ = {isa = PBXBuildFile; fileRef = 35F936F32DBC808D00A45B64 /* Meloriac.ttf */; };
/* End PBXBuildFile section */

/* Begin PBXContainerItemProxy section */
		3591DD612D5FB697009A3A94 /* PBXContainerItemProxy */ = {
			isa = PBXContainerItemProxy;
			containerPortal = 35DA3A542C8739FB0039D19D /* Project object */;
			proxyType = 1;
			remoteGlobalIDString = 3591DD502D5FB695009A3A94;
			remoteInfo = "LumiFurWatchOS Watch App";
		};
		3591DD6B2D5FB697009A3A94 /* PBXContainerItemProxy */ = {
			isa = PBXContainerItemProxy;
			containerPortal = 35DA3A542C8739FB0039D19D /* Project object */;
			proxyType = 1;
			remoteGlobalIDString = 3591DD502D5FB695009A3A94;
			remoteInfo = "LumiFurWatchOS Watch App";
		};
		3591DD722D5FB697009A3A94 /* PBXContainerItemProxy */ = {
			isa = PBXContainerItemProxy;
			containerPortal = 35DA3A542C8739FB0039D19D /* Project object */;
			proxyType = 1;
			remoteGlobalIDString = 3591DD502D5FB695009A3A94;
			remoteInfo = "LumiFurWatchOS Watch App";
		};
		35AE1A5E2D5D24C700FDD29E /* PBXContainerItemProxy */ = {
			isa = PBXContainerItemProxy;
			containerPortal = 35DA3A542C8739FB0039D19D /* Project object */;
			proxyType = 1;
			remoteGlobalIDString = 35AE1A492D5D24C600FDD29E;
			remoteInfo = "LumiFur WidgetExtension";
		};
		35DA3A6E2C8739FD0039D19D /* PBXContainerItemProxy */ = {
			isa = PBXContainerItemProxy;
			containerPortal = 35DA3A542C8739FB0039D19D /* Project object */;
			proxyType = 1;
			remoteGlobalIDString = 35DA3A5B2C8739FB0039D19D;
			remoteInfo = LumiFur;
		};
		35DA3A782C8739FD0039D19D /* PBXContainerItemProxy */ = {
			isa = PBXContainerItemProxy;
			containerPortal = 35DA3A542C8739FB0039D19D /* Project object */;
			proxyType = 1;
			remoteGlobalIDString = 35DA3A5B2C8739FB0039D19D;
			remoteInfo = LumiFur;
		};
/* End PBXContainerItemProxy section */

/* Begin PBXCopyFilesBuildPhase section */
		3591DD752D5FB697009A3A94 /* Embed Watch Content */ = {
			isa = PBXCopyFilesBuildPhase;
			dstPath = "$(CONTENTS_FOLDER_PATH)/Watch";
			dstSubfolder = Product;
			files = (
				3591DD742D5FB697009A3A94 /* LumiFurWatchOS Watch App.app in Embed Watch Content */,
			);
			name = "Embed Watch Content";
		};
		35AE1A652D5D24C700FDD29E /* Embed Foundation Extensions */ = {
			isa = PBXCopyFilesBuildPhase;
			dstPath = "";
			dstSubfolder = PlugIns;
			files = (
				35AE1A602D5D24C700FDD29E /* LumiFur WidgetExtension.appex in Embed Foundation Extensions */,
			);
			name = "Embed Foundation Extensions";
		};
/* End PBXCopyFilesBuildPhase section */

/* Begin PBXFileReference section */
		350811AD2C8B49160071C68C /* ViewExtensions.swift */ = {isa = PBXFileReference; lastKnownFileType = sourcecode.swift; path = ViewExtensions.swift; sourceTree = "<group>"; };
		35239A242CCFE06300DD483B /* AccessoryViewModel.swift */ = {isa = PBXFileReference; lastKnownFileType = sourcecode.swift; path = AccessoryViewModel.swift; sourceTree = "<group>"; };
		352B63192DA2B9A7004E5E74 /* OptionToggleView.swift */ = {isa = PBXFileReference; lastKnownFileType = sourcecode.swift; path = OptionToggleView.swift; sourceTree = "<group>"; };
		352B63212DA31514004E5E74 /* MeshGradient.swift */ = {isa = PBXFileReference; lastKnownFileType = sourcecode.swift; path = MeshGradient.swift; sourceTree = "<group>"; };
		35382F512E4CC7DD0087A8BE /* SettingsStore.swift */ = {isa = PBXFileReference; lastKnownFileType = sourcecode.swift; path = SettingsStore.swift; sourceTree = "<group>"; };
		354069322DF4BB7F00D9040D /* DeviceInfoView.swift */ = {isa = PBXFileReference; lastKnownFileType = sourcecode.swift; path = DeviceInfoView.swift; sourceTree = "<group>"; };
		354069342DF4D77B00D9040D /* OTAUpdateView.swift */ = {isa = PBXFileReference; lastKnownFileType = sourcecode.swift; path = OTAUpdateView.swift; sourceTree = "<group>"; };
		354470442DA55EF70061FD83 /* SharedOptions.swift */ = {isa = PBXFileReference; lastKnownFileType = sourcecode.swift; path = SharedOptions.swift; sourceTree = "<group>"; };
		354B00CE2DD2698E00825147 /* GlassPane.swift */ = {isa = PBXFileReference; lastKnownFileType = sourcecode.swift; path = GlassPane.swift; sourceTree = "<group>"; };
		354B00D12DD269F900825147 /* GlassView.swift */ = {isa = PBXFileReference; lastKnownFileType = sourcecode.swift; path = GlassView.swift; sourceTree = "<group>"; };
		354B00D52DD26A7300825147 /* GlassLazyHGrid.swift */ = {isa = PBXFileReference; lastKnownFileType = sourcecode.swift; path = GlassLazyHGrid.swift; sourceTree = "<group>"; };
		354B42852F02B62800074B7F /* AccessoryTypes.swift */ = {isa = PBXFileReference; lastKnownFileType = sourcecode.swift; path = AccessoryTypes.swift; sourceTree = "<group>"; };
		354B42872F02B62800074B7F /* UncheckedSendableBox.swift */ = {isa = PBXFileReference; lastKnownFileType = sourcecode.swift; path = UncheckedSendableBox.swift; sourceTree = "<group>"; };
		354B42892F02B62B00074B7F /* ActivityHelpers.swift */ = {isa = PBXFileReference; lastKnownFileType = sourcecode.swift; path = ActivityHelpers.swift; sourceTree = "<group>"; };
		354E0B9D2D8F1AA2008FD025 /* Launch Screen.storyboard */ = {isa = PBXFileReference; lastKnownFileType = file.storyboard; path = "Launch Screen.storyboard"; sourceTree = "<group>"; };
		3558535F2EF47AF1001666E6 /* LEDPreviewOLD.swift */ = {isa = PBXFileReference; lastKnownFileType = sourcecode.swift; path = LEDPreviewOLD.swift; sourceTree = "<group>"; };
		355853652EF483E2001666E6 /* LEDPreviewModel.swift */ = {isa = PBXFileReference; lastKnownFileType = sourcecode.swift; path = LEDPreviewModel.swift; sourceTree = "<group>"; };
		355853682EF4BAD4001666E6 /* ConnectionUI.swift */ = {isa = PBXFileReference; lastKnownFileType = sourcecode.swift; path = ConnectionUI.swift; sourceTree = "<group>"; };
		355853DE2EF71DAC001666E6 /* InfoView.swift */ = {isa = PBXFileReference; lastKnownFileType = sourcecode.swift; path = InfoView.swift; sourceTree = "<group>"; };
		355853E02EF71DDA001666E6 /* SocialLink.swift */ = {isa = PBXFileReference; lastKnownFileType = sourcecode.swift; path = SocialLink.swift; sourceTree = "<group>"; };
		355853E32EFE4828001666E6 /* LEDPreview.swift */ = {isa = PBXFileReference; lastKnownFileType = sourcecode.swift; path = LEDPreview.swift; sourceTree = "<group>"; };
		355853E72EFE5C3C001666E6 /* LEDArraySection.swift */ = {isa = PBXFileReference; lastKnownFileType = sourcecode.swift; path = LEDArraySection.swift; sourceTree = "<group>"; };
		355853E92EFF7302001666E6 /* IconPickerView.swift */ = {isa = PBXFileReference; lastKnownFileType = sourcecode.swift; path = IconPickerView.swift; sourceTree = "<group>"; };
		356B4B822E117322005D1A31 /* Info.plist */ = {isa = PBXFileReference; lastKnownFileType = text.plist.xml; path = Info.plist; sourceTree = "<group>"; };
		35741B342F04580700D4937C /* LumiFur WidgetExtension.entitlements */ = {isa = PBXFileReference; lastKnownFileType = text.plist.entitlements; path = "LumiFur WidgetExtension.entitlements"; sourceTree = "<group>"; };
		35741B352F05F5B100D4937C /* PrivacyPolicy.md */ = {isa = PBXFileReference; lastKnownFileType = net.daringfireball.markdown; path = PrivacyPolicy.md; sourceTree = "<group>"; };
		35741B392F05FF0A00D4937C /* PrivacyPolicyView.swift */ = {isa = PBXFileReference; lastKnownFileType = sourcecode.swift; path = PrivacyPolicyView.swift; sourceTree = "<group>"; };
		357EEA682E0EE00A0085E438 /* CustomLedView.swift */ = {isa = PBXFileReference; lastKnownFileType = sourcecode.swift; path = CustomLedView.swift; sourceTree = "<group>"; };
		3580941E2E2BF0A0005DB779 /* ChartView.swift */ = {isa = PBXFileReference; lastKnownFileType = sourcecode.swift; path = ChartView.swift; sourceTree = "<group>"; };
		358151A42E16D155003CE8A3 /* ConnectionStateIconView.swift */ = {isa = PBXFileReference; lastKnownFileType = sourcecode.swift; path = ConnectionStateIconView.swift; sourceTree = "<group>"; };
		358151A82E16D236003CE8A3 /* ConnectionState.swift */ = {isa = PBXFileReference; lastKnownFileType = sourcecode.swift; path = ConnectionState.swift; sourceTree = "<group>"; };
		358151AA2E16FF48003CE8A3 /* AccessoryViewModelTests.swift */ = {isa = PBXFileReference; lastKnownFileType = sourcecode.swift; path = AccessoryViewModelTests.swift; sourceTree = "<group>"; };
		3584279B2C8CEFE80096B1D0 /* cpuUsageData.swift */ = {isa = PBXFileReference; lastKnownFileType = sourcecode.swift; path = cpuUsageData.swift; sourceTree = "<group>"; };
		358A05E72E43CF3B009D3CC9 /* FaceGridSection.swift */ = {isa = PBXFileReference; lastKnownFileType = sourcecode.swift; path = FaceGridSection.swift; sourceTree = "<group>"; };
		358A05E92E43D1B1009D3CC9 /* FaceCellView.swift */ = {isa = PBXFileReference; lastKnownFileType = sourcecode.swift; path = FaceCellView.swift; sourceTree = "<group>"; };
		3591DD512D5FB695009A3A94 /* LumiFurWatchOS Watch App.app */ = {isa = PBXFileReference; explicitFileType = wrapper.application; includeInIndex = 0; path = "LumiFurWatchOS Watch App.app"; sourceTree = BUILT_PRODUCTS_DIR; };
		3591DD602D5FB697009A3A94 /* LumiFurWatchOS Watch AppTests.xctest */ = {isa = PBXFileReference; explicitFileType = wrapper.cfbundle; includeInIndex = 0; path = "LumiFurWatchOS Watch AppTests.xctest"; sourceTree = BUILT_PRODUCTS_DIR; };
		3591DD6A2D5FB697009A3A94 /* LumiFurWatchOS Watch AppUITests.xctest */ = {isa = PBXFileReference; explicitFileType = wrapper.cfbundle; includeInIndex = 0; path = "LumiFurWatchOS Watch AppUITests.xctest"; sourceTree = BUILT_PRODUCTS_DIR; };
		3591DD7F2D5FB753009A3A94 /* WatchOSConnectivity.swift */ = {isa = PBXFileReference; lastKnownFileType = sourcecode.swift; path = WatchOSConnectivity.swift; sourceTree = "<group>"; };
		35A391A32DD784BD00F60E47 /* Assets.xcassets */ = {isa = PBXFileReference; lastKnownFileType = folder.assetcatalog; path = Assets.xcassets; sourceTree = "<group>"; };
		35A391A72DD7A17B00F60E47 /* BouncingButtonStyle.swift */ = {isa = PBXFileReference; lastKnownFileType = sourcecode.swift; path = BouncingButtonStyle.swift; sourceTree = "<group>"; };
		35AE1A442D5D207F00FDD29E /* liveActivity.swift */ = {isa = PBXFileReference; lastKnownFileType = sourcecode.swift; path = liveActivity.swift; sourceTree = "<group>"; };
		35AE1A4A2D5D24C600FDD29E /* LumiFur WidgetExtension.appex */ = {isa = PBXFileReference; explicitFileType = "wrapper.app-extension"; includeInIndex = 0; path = "LumiFur WidgetExtension.appex"; sourceTree = BUILT_PRODUCTS_DIR; };
		35AE1A4C2D5D24C600FDD29E /* WidgetKit.framework */ = {isa = PBXFileReference; lastKnownFileType = wrapper.framework; name = WidgetKit.framework; path = System/Library/Frameworks/WidgetKit.framework; sourceTree = SDKROOT; };
		35AE1A4E2D5D24C600FDD29E /* SwiftUI.framework */ = {isa = PBXFileReference; lastKnownFileType = wrapper.framework; name = SwiftUI.framework; path = System/Library/Frameworks/SwiftUI.framework; sourceTree = SDKROOT; };
		35CD1DBB2E15AE1B0028A6C9 /* StatusSectionView.swift */ = {isa = PBXFileReference; lastKnownFileType = sourcecode.swift; path = StatusSectionView.swift; sourceTree = "<group>"; };
		35CD1DBD2E15AE390028A6C9 /* HeaderView.swift */ = {isa = PBXFileReference; lastKnownFileType = sourcecode.swift; path = HeaderView.swift; sourceTree = "<group>"; };
		35D04CA62DB29DAA00199C5D /* SharedKeys.swift */ = {isa = PBXFileReference; lastKnownFileType = sourcecode.swift; path = SharedKeys.swift; sourceTree = "<group>"; };
		35D1A1062D98FE7F00AEC573 /* LumiFurRelease.entitlements */ = {isa = PBXFileReference; lastKnownFileType = text.plist.entitlements; path = LumiFurRelease.entitlements; sourceTree = "<group>"; };
		35D1A10D2D9A18D700AEC573 /* ReleaseNotes.txt */ = {isa = PBXFileReference; explicitFileType = net.daringfireball.markdown; path = ReleaseNotes.txt; sourceTree = "<group>"; };
		35D1A10F2D9A1C8A00AEC573 /* GitHubRelease.swift */ = {isa = PBXFileReference; lastKnownFileType = sourcecode.swift; path = GitHubRelease.swift; sourceTree = "<group>"; };
		35D1A1152D9A377700AEC573 /* ReleaseViewModel.swift */ = {isa = PBXFileReference; lastKnownFileType = sourcecode.swift; path = ReleaseViewModel.swift; sourceTree = "<group>"; };
		35DA3A5C2C8739FB0039D19D /* LumiFur.app */ = {isa = PBXFileReference; explicitFileType = wrapper.application; includeInIndex = 0; path = LumiFur.app; sourceTree = BUILT_PRODUCTS_DIR; };
		35DA3A5F2C8739FB0039D19D /* LumiFurApp.swift */ = {isa = PBXFileReference; lastKnownFileType = sourcecode.swift; path = LumiFurApp.swift; sourceTree = "<group>"; };
		35DA3A612C8739FB0039D19D /* ContentView.swift */ = {isa = PBXFileReference; lastKnownFileType = sourcecode.swift; name = ContentView.swift; path = /Users/stephanritchie/Documents/Xcode/LumiFur/LumiFur/ContentView.swift; sourceTree = "<absolute>"; };
		35DA3A672C8739FD0039D19D /* Preview Assets.xcassets */ = {isa = PBXFileReference; lastKnownFileType = folder.assetcatalog; path = "Preview Assets.xcassets"; sourceTree = "<group>"; };
		35DA3A6D2C8739FD0039D19D /* LumiFurTests.xctest */ = {isa = PBXFileReference; explicitFileType = wrapper.cfbundle; includeInIndex = 0; path = LumiFurTests.xctest; sourceTree = BUILT_PRODUCTS_DIR; };
		35DA3A712C8739FD0039D19D /* LumiFurTests.swift */ = {isa = PBXFileReference; lastKnownFileType = sourcecode.swift; path = LumiFurTests.swift; sourceTree = "<group>"; };
		35DA3A772C8739FD0039D19D /* LumiFurUITests.xctest */ = {isa = PBXFileReference; explicitFileType = wrapper.cfbundle; includeInIndex = 0; path = LumiFurUITests.xctest; sourceTree = BUILT_PRODUCTS_DIR; };
		35DA3A7B2C8739FD0039D19D /* LumiFurUITests.swift */ = {isa = PBXFileReference; lastKnownFileType = sourcecode.swift; path = LumiFurUITests.swift; sourceTree = "<group>"; };
		35DA3A7D2C8739FD0039D19D /* LumiFurUITestsLaunchTests.swift */ = {isa = PBXFileReference; lastKnownFileType = sourcecode.swift; path = LumiFurUITestsLaunchTests.swift; sourceTree = "<group>"; };
		35E4D4012DF88DE4004EB85E /* splashView.swift */ = {isa = PBXFileReference; lastKnownFileType = sourcecode.swift; path = splashView.swift; sourceTree = "<group>"; };
		35E4D4032DF88E38004EB85E /* WhatsNew.swift */ = {isa = PBXFileReference; lastKnownFileType = sourcecode.swift; path = WhatsNew.swift; sourceTree = "<group>"; };
		35E4D4052DF88E78004EB85E /* ReleaseNotesView.swift */ = {isa = PBXFileReference; lastKnownFileType = sourcecode.swift; path = ReleaseNotesView.swift; sourceTree = "<group>"; };
		35E93AAF2E17EDD600E9D52F /* AboutSectionView.swift */ = {isa = PBXFileReference; lastKnownFileType = sourcecode.swift; path = AboutSectionView.swift; sourceTree = "<group>"; };
		35E93AB12E17EDF600E9D52F /* DeviceListView.swift */ = {isa = PBXFileReference; lastKnownFileType = sourcecode.swift; path = DeviceListView.swift; sourceTree = "<group>"; };
		35E93AB52E17F0A700E9D52F /* SettingsView.swift */ = {isa = PBXFileReference; lastKnownFileType = sourcecode.swift; path = SettingsView.swift; sourceTree = "<group>"; };
		35E93AB72E17F17A00E9D52F /* MatrixStylePicker.swift */ = {isa = PBXFileReference; lastKnownFileType = sourcecode.swift; path = MatrixStylePicker.swift; sourceTree = "<group>"; };
		35F936F32DBC808D00A45B64 /* Meloriac.ttf */ = {isa = PBXFileReference; lastKnownFileType = file; path = Meloriac.ttf; sourceTree = "<group>"; };
/* End PBXFileReference section */

/* Begin PBXFileSystemSynchronizedBuildFileExceptionSet section */
		355853EB2EFF8068001666E6 /* Exceptions for "LumiFurWatchOS Watch App" folder in "LumiFurWatchOS Watch App" target */ = {
			isa = PBXFileSystemSynchronizedBuildFileExceptionSet;
			membershipExceptions = (
				"Preview Content/Preview Assets.xcassets",
			);
			target = 3591DD502D5FB695009A3A94 /* LumiFurWatchOS Watch App */;
		};
		35AE1A612D5D24C700FDD29E /* Exceptions for "LumiFur Widget" folder in "LumiFur WidgetExtension" target */ = {
			isa = PBXFileSystemSynchronizedBuildFileExceptionSet;
			membershipExceptions = (
				Info.plist,
			);
			target = 35AE1A492D5D24C600FDD29E /* LumiFur WidgetExtension */;
		};
		35AE1A672D5D2B9A00FDD29E /* Exceptions for "LumiFur Widget" folder in "LumiFur" target */ = {
			isa = PBXFileSystemSynchronizedBuildFileExceptionSet;
			membershipExceptions = (
				AppIntent.swift,
			);
			target = 35DA3A5B2C8739FB0039D19D /* LumiFur */;
		};
/* End PBXFileSystemSynchronizedBuildFileExceptionSet section */

/* Begin PBXFileSystemSynchronizedRootGroup section */
		3591DD522D5FB695009A3A94 /* LumiFurWatchOS Watch App */ = {
			isa = PBXFileSystemSynchronizedRootGroup;
			exceptions = (
				355853EB2EFF8068001666E6 /* Exceptions for "LumiFurWatchOS Watch App" folder in "LumiFurWatchOS Watch App" target */,
			);
			path = "LumiFurWatchOS Watch App";
			sourceTree = "<group>";
		};
		3591DD632D5FB697009A3A94 /* LumiFurWatchOS Watch AppTests */ = {
			isa = PBXFileSystemSynchronizedRootGroup;
			path = "LumiFurWatchOS Watch AppTests";
			sourceTree = "<group>";
		};
		3591DD6D2D5FB697009A3A94 /* LumiFurWatchOS Watch AppUITests */ = {
			isa = PBXFileSystemSynchronizedRootGroup;
			path = "LumiFurWatchOS Watch AppUITests";
			sourceTree = "<group>";
		};
		35AE1A502D5D24C600FDD29E /* LumiFur Widget */ = {
			isa = PBXFileSystemSynchronizedRootGroup;
			exceptions = (
				35AE1A672D5D2B9A00FDD29E /* Exceptions for "LumiFur Widget" folder in "LumiFur" target */,
				35AE1A612D5D24C700FDD29E /* Exceptions for "LumiFur Widget" folder in "LumiFur WidgetExtension" target */,
			);
			path = "LumiFur Widget";
			sourceTree = "<group>";
		};
/* End PBXFileSystemSynchronizedRootGroup section */

/* Begin PBXFrameworksBuildPhase section */
		3591DD4E2D5FB695009A3A94 /* Frameworks */ = {
			isa = PBXFrameworksBuildPhase;
			files = (
			);
		};
		3591DD5D2D5FB697009A3A94 /* Frameworks */ = {
			isa = PBXFrameworksBuildPhase;
			files = (
			);
		};
		3591DD672D5FB697009A3A94 /* Frameworks */ = {
			isa = PBXFrameworksBuildPhase;
			files = (
			);
		};
		35AE1A472D5D24C600FDD29E /* Frameworks */ = {
			isa = PBXFrameworksBuildPhase;
			files = (
				35AE1A4F2D5D24C600FDD29E /* SwiftUI.framework in Frameworks */,
				35AE1A4D2D5D24C600FDD29E /* WidgetKit.framework in Frameworks */,
			);
		};
		35DA3A592C8739FB0039D19D /* Frameworks */ = {
			isa = PBXFrameworksBuildPhase;
			files = (
				35741B3D2F061C7800D4937C /* Textual in Frameworks */,
				35197ABF2DA1A17100BE0EE3 /* MarkdownUI in Frameworks */,
				35062EA82E107A590012AC60 /* MarkdownUI in Frameworks */,
			);
		};
		35DA3A6A2C8739FD0039D19D /* Frameworks */ = {
			isa = PBXFrameworksBuildPhase;
			files = (
			);
		};
		35DA3A742C8739FD0039D19D /* Frameworks */ = {
			isa = PBXFrameworksBuildPhase;
			files = (
			);
		};
/* End PBXFrameworksBuildPhase section */

/* Begin PBXGroup section */
		354B00CF2DD269A400825147 /* New Group */ = {
			isa = PBXGroup;
			children = (
				354B00D52DD26A7300825147 /* GlassLazyHGrid.swift */,
				354B00D12DD269F900825147 /* GlassView.swift */,
				354B00CE2DD2698E00825147 /* GlassPane.swift */,
				3558535F2EF47AF1001666E6 /* LEDPreviewOLD.swift */,
			);
			path = "New Group";
			sourceTree = "<group>";
		};
		354B428C2F02B9F400074B7F /* avm */ = {
			isa = PBXGroup;
			children = (
				35239A242CCFE06300DD483B /* AccessoryViewModel.swift */,
				354B42852F02B62800074B7F /* AccessoryTypes.swift */,
				354B42872F02B62800074B7F /* UncheckedSendableBox.swift */,
				354B42892F02B62B00074B7F /* ActivityHelpers.swift */,
			);
			path = avm;
			sourceTree = "<group>";
		};
		355853672EF4BAC9001666E6 /* connection view */ = {
			isa = PBXGroup;
			children = (
				355853682EF4BAD4001666E6 /* ConnectionUI.swift */,
			);
			path = "connection view";
			sourceTree = "<group>";
		};
		355853E22EF71DEE001666E6 /* About Page */ = {
			isa = PBXGroup;
			children = (
				355853DE2EF71DAC001666E6 /* InfoView.swift */,
				35741B392F05FF0A00D4937C /* PrivacyPolicyView.swift */,
				355853E02EF71DDA001666E6 /* SocialLink.swift */,
			);
			path = "About Page";
			sourceTree = "<group>";
		};
		355853E62EFE4E5C001666E6 /* LEDViewModel */ = {
			isa = PBXGroup;
			children = (
				355853E32EFE4828001666E6 /* LEDPreview.swift */,
				355853652EF483E2001666E6 /* LEDPreviewModel.swift */,
				357EEA682E0EE00A0085E438 /* CustomLedView.swift */,
				355853E72EFE5C3C001666E6 /* LEDArraySection.swift */,
			);
			path = LEDViewModel;
			sourceTree = "<group>";
		};
		358427A02C8CF5590096B1D0 /* Assets */ = {
			isa = PBXGroup;
			children = (
				35741B352F05F5B100D4937C /* PrivacyPolicy.md */,
				35A391A32DD784BD00F60E47 /* Assets.xcassets */,
				35F936F32DBC808D00A45B64 /* Meloriac.ttf */,
			);
			path = Assets;
			sourceTree = "<group>";
		};
		358427A32C8CF57F0096B1D0 /* Connectivity */ = {
			isa = PBXGroup;
			children = (
				354069322DF4BB7F00D9040D /* DeviceInfoView.swift */,
				3591DD7F2D5FB753009A3A94 /* WatchOSConnectivity.swift */,
				354B428C2F02B9F400074B7F /* avm */,
			);
			path = Connectivity;
			sourceTree = "<group>";
		};
		358427A42C8CF59B0096B1D0 /* SharedViews */ = {
			isa = PBXGroup;
			children = (
				35D04CA62DB29DAA00199C5D /* SharedKeys.swift */,
				358151A82E16D236003CE8A3 /* ConnectionState.swift */,
				35CD1DBB2E15AE1B0028A6C9 /* StatusSectionView.swift */,
				358151A42E16D155003CE8A3 /* ConnectionStateIconView.swift */,
				354470442DA55EF70061FD83 /* SharedOptions.swift */,
				352B63212DA31514004E5E74 /* MeshGradient.swift */,
				352B63192DA2B9A7004E5E74 /* OptionToggleView.swift */,
				3584279B2C8CEFE80096B1D0 /* cpuUsageData.swift */,
				35D1A1152D9A377700AEC573 /* ReleaseViewModel.swift */,
				35D1A10F2D9A1C8A00AEC573 /* GitHubRelease.swift */,
				35D1A10D2D9A18D700AEC573 /* ReleaseNotes.txt */,
				350811AD2C8B49160071C68C /* ViewExtensions.swift */,
				354E0B9D2D8F1AA2008FD025 /* Launch Screen.storyboard */,
				35382F512E4CC7DD0087A8BE /* SettingsStore.swift */,
			);
			path = SharedViews;
			sourceTree = "<group>";
		};
		35AE1A4B2D5D24C600FDD29E /* Frameworks */ = {
			isa = PBXGroup;
			children = (
				35AE1A4C2D5D24C600FDD29E /* WidgetKit.framework */,
				35AE1A4E2D5D24C600FDD29E /* SwiftUI.framework */,
			);
			name = Frameworks;
			sourceTree = "<group>";
		};
		35DA3A532C8739FB0039D19D = {
			isa = PBXGroup;
			children = (
				35741B342F04580700D4937C /* LumiFur WidgetExtension.entitlements */,
				354B00CF2DD269A400825147 /* New Group */,
				35DA3A5E2C8739FB0039D19D /* LumiFur */,
				35DA3A702C8739FD0039D19D /* LumiFurTests */,
				35DA3A7A2C8739FD0039D19D /* LumiFurUITests */,
				35AE1A502D5D24C600FDD29E /* LumiFur Widget */,
				3591DD522D5FB695009A3A94 /* LumiFurWatchOS Watch App */,
				3591DD632D5FB697009A3A94 /* LumiFurWatchOS Watch AppTests */,
				3591DD6D2D5FB697009A3A94 /* LumiFurWatchOS Watch AppUITests */,
				35AE1A4B2D5D24C600FDD29E /* Frameworks */,
				35DA3A5D2C8739FB0039D19D /* Products */,
				356B4B822E117322005D1A31 /* Info.plist */,
			);
			sourceTree = "<group>";
		};
		35DA3A5D2C8739FB0039D19D /* Products */ = {
			isa = PBXGroup;
			children = (
				35DA3A5C2C8739FB0039D19D /* LumiFur.app */,
				35DA3A6D2C8739FD0039D19D /* LumiFurTests.xctest */,
				35DA3A772C8739FD0039D19D /* LumiFurUITests.xctest */,
				35AE1A4A2D5D24C600FDD29E /* LumiFur WidgetExtension.appex */,
				3591DD512D5FB695009A3A94 /* LumiFurWatchOS Watch App.app */,
				3591DD602D5FB697009A3A94 /* LumiFurWatchOS Watch AppTests.xctest */,
				3591DD6A2D5FB697009A3A94 /* LumiFurWatchOS Watch AppUITests.xctest */,
			);
			name = Products;
			sourceTree = "<group>";
		};
		35DA3A5E2C8739FB0039D19D /* LumiFur */ = {
			isa = PBXGroup;
			children = (
				355853E62EFE4E5C001666E6 /* LEDViewModel */,
				35D1A1062D98FE7F00AEC573 /* LumiFurRelease.entitlements */,
				35DA3A5F2C8739FB0039D19D /* LumiFurApp.swift */,
				35DA3A612C8739FB0039D19D /* ContentView.swift */,
				35A391A72DD7A17B00F60E47 /* BouncingButtonStyle.swift */,
				35E4D4012DF88DE4004EB85E /* splashView.swift */,
				35E4D4032DF88E38004EB85E /* WhatsNew.swift */,
				35CD1DBD2E15AE390028A6C9 /* HeaderView.swift */,
				358A05E92E43D1B1009D3CC9 /* FaceCellView.swift */,
				358A05E72E43CF3B009D3CC9 /* FaceGridSection.swift */,
				3580941E2E2BF0A0005DB779 /* ChartView.swift */,
				35AE1A442D5D207F00FDD29E /* liveActivity.swift */,
				355853E22EF71DEE001666E6 /* About Page */,
				35E93AB42E17EF0400E9D52F /* SettingsPage */,
				358427A32C8CF57F0096B1D0 /* Connectivity */,
				358427A42C8CF59B0096B1D0 /* SharedViews */,
				358427A02C8CF5590096B1D0 /* Assets */,
				35DA3A662C8739FD0039D19D /* Preview Content */,
			);
			path = LumiFur;
			sourceTree = "<group>";
		};
		35DA3A662C8739FD0039D19D /* Preview Content */ = {
			isa = PBXGroup;
			children = (
				35DA3A672C8739FD0039D19D /* Preview Assets.xcassets */,
			);
			path = "Preview Content";
			sourceTree = "<group>";
		};
		35DA3A702C8739FD0039D19D /* LumiFurTests */ = {
			isa = PBXGroup;
			children = (
				35DA3A712C8739FD0039D19D /* LumiFurTests.swift */,
				358151AA2E16FF48003CE8A3 /* AccessoryViewModelTests.swift */,
			);
			path = LumiFurTests;
			sourceTree = "<group>";
		};
		35DA3A7A2C8739FD0039D19D /* LumiFurUITests */ = {
			isa = PBXGroup;
			children = (
				35DA3A7B2C8739FD0039D19D /* LumiFurUITests.swift */,
				35DA3A7D2C8739FD0039D19D /* LumiFurUITestsLaunchTests.swift */,
			);
			path = LumiFurUITests;
			sourceTree = "<group>";
		};
		35E93AB42E17EF0400E9D52F /* SettingsPage */ = {
			isa = PBXGroup;
			children = (
				355853E92EFF7302001666E6 /* IconPickerView.swift */,
				355853672EF4BAC9001666E6 /* connection view */,
				35E93AB52E17F0A700E9D52F /* SettingsView.swift */,
				35E93AB72E17F17A00E9D52F /* MatrixStylePicker.swift */,
				35E93AB12E17EDF600E9D52F /* DeviceListView.swift */,
				35E93AAF2E17EDD600E9D52F /* AboutSectionView.swift */,
				35E4D4052DF88E78004EB85E /* ReleaseNotesView.swift */,
				354069342DF4D77B00D9040D /* OTAUpdateView.swift */,
			);
			path = SettingsPage;
			sourceTree = "<group>";
		};
/* End PBXGroup section */

/* Begin PBXNativeTarget section */
		3591DD502D5FB695009A3A94 /* LumiFurWatchOS Watch App */ = {
			isa = PBXNativeTarget;
			buildConfigurationList = 3591DD7C2D5FB697009A3A94 /* Build configuration list for PBXNativeTarget "LumiFurWatchOS Watch App" */;
			buildPhases = (
				3591DD4D2D5FB695009A3A94 /* Sources */,
				3591DD4E2D5FB695009A3A94 /* Frameworks */,
				3591DD4F2D5FB695009A3A94 /* Resources */,
			);
			buildRules = (
			);
			fileSystemSynchronizedGroups = (
				3591DD522D5FB695009A3A94 /* LumiFurWatchOS Watch App */,
			);
			name = "LumiFurWatchOS Watch App";
			productName = "LumiFurWatchOS Watch App";
			productReference = 3591DD512D5FB695009A3A94 /* LumiFurWatchOS Watch App.app */;
			productType = "com.apple.product-type.application";
		};
		3591DD5F2D5FB697009A3A94 /* LumiFurWatchOS Watch AppTests */ = {
			isa = PBXNativeTarget;
			buildConfigurationList = 3591DD7D2D5FB697009A3A94 /* Build configuration list for PBXNativeTarget "LumiFurWatchOS Watch AppTests" */;
			buildPhases = (
				3591DD5C2D5FB697009A3A94 /* Sources */,
				3591DD5D2D5FB697009A3A94 /* Frameworks */,
				3591DD5E2D5FB697009A3A94 /* Resources */,
			);
			buildRules = (
			);
			dependencies = (
				3591DD622D5FB697009A3A94 /* PBXTargetDependency */,
			);
			fileSystemSynchronizedGroups = (
				3591DD632D5FB697009A3A94 /* LumiFurWatchOS Watch AppTests */,
			);
			name = "LumiFurWatchOS Watch AppTests";
			productName = "LumiFurWatchOS Watch AppTests";
			productReference = 3591DD602D5FB697009A3A94 /* LumiFurWatchOS Watch AppTests.xctest */;
			productType = "com.apple.product-type.bundle.unit-test";
		};
		3591DD692D5FB697009A3A94 /* LumiFurWatchOS Watch AppUITests */ = {
			isa = PBXNativeTarget;
			buildConfigurationList = 3591DD7E2D5FB697009A3A94 /* Build configuration list for PBXNativeTarget "LumiFurWatchOS Watch AppUITests" */;
			buildPhases = (
				3591DD662D5FB697009A3A94 /* Sources */,
				3591DD672D5FB697009A3A94 /* Frameworks */,
				3591DD682D5FB697009A3A94 /* Resources */,
			);
			buildRules = (
			);
			dependencies = (
				3591DD6C2D5FB697009A3A94 /* PBXTargetDependency */,
			);
			fileSystemSynchronizedGroups = (
				3591DD6D2D5FB697009A3A94 /* LumiFurWatchOS Watch AppUITests */,
			);
			name = "LumiFurWatchOS Watch AppUITests";
			productName = "LumiFurWatchOS Watch AppUITests";
			productReference = 3591DD6A2D5FB697009A3A94 /* LumiFurWatchOS Watch AppUITests.xctest */;
			productType = "com.apple.product-type.bundle.ui-testing";
		};
		35AE1A492D5D24C600FDD29E /* LumiFur WidgetExtension */ = {
			isa = PBXNativeTarget;
			buildConfigurationList = 35AE1A622D5D24C700FDD29E /* Build configuration list for PBXNativeTarget "LumiFur WidgetExtension" */;
			buildPhases = (
				35AE1A462D5D24C600FDD29E /* Sources */,
				35AE1A472D5D24C600FDD29E /* Frameworks */,
				35AE1A482D5D24C600FDD29E /* Resources */,
			);
			buildRules = (
			);
			fileSystemSynchronizedGroups = (
				35AE1A502D5D24C600FDD29E /* LumiFur Widget */,
			);
			name = "LumiFur WidgetExtension";
			productName = "LumiFur WidgetExtension";
			productReference = 35AE1A4A2D5D24C600FDD29E /* LumiFur WidgetExtension.appex */;
			productType = "com.apple.product-type.app-extension";
		};
		35DA3A5B2C8739FB0039D19D /* LumiFur */ = {
			isa = PBXNativeTarget;
			buildConfigurationList = 35DA3A812C8739FD0039D19D /* Build configuration list for PBXNativeTarget "LumiFur" */;
			buildPhases = (
				35DA3A582C8739FB0039D19D /* Sources */,
				35DA3A592C8739FB0039D19D /* Frameworks */,
				35DA3A5A2C8739FB0039D19D /* Resources */,
				35AE1A652D5D24C700FDD29E /* Embed Foundation Extensions */,
				3591DD752D5FB697009A3A94 /* Embed Watch Content */,
			);
			buildRules = (
			);
			dependencies = (
				35AE1A5F2D5D24C700FDD29E /* PBXTargetDependency */,
				3591DD732D5FB697009A3A94 /* PBXTargetDependency */,
			);
			name = LumiFur;
			productName = LumiFur;
			productReference = 35DA3A5C2C8739FB0039D19D /* LumiFur.app */;
			productType = "com.apple.product-type.application";
		};
		35DA3A6C2C8739FD0039D19D /* LumiFurTests */ = {
			isa = PBXNativeTarget;
			buildConfigurationList = 35DA3A842C8739FD0039D19D /* Build configuration list for PBXNativeTarget "LumiFurTests" */;
			buildPhases = (
				35DA3A692C8739FD0039D19D /* Sources */,
				35DA3A6A2C8739FD0039D19D /* Frameworks */,
				35DA3A6B2C8739FD0039D19D /* Resources */,
			);
			buildRules = (
			);
			dependencies = (
				35DA3A6F2C8739FD0039D19D /* PBXTargetDependency */,
			);
			name = LumiFurTests;
			productName = LumiFurTests;
			productReference = 35DA3A6D2C8739FD0039D19D /* LumiFurTests.xctest */;
			productType = "com.apple.product-type.bundle.unit-test";
		};
		35DA3A762C8739FD0039D19D /* LumiFurUITests */ = {
			isa = PBXNativeTarget;
			buildConfigurationList = 35DA3A872C8739FD0039D19D /* Build configuration list for PBXNativeTarget "LumiFurUITests" */;
			buildPhases = (
				35DA3A732C8739FD0039D19D /* Sources */,
				35DA3A742C8739FD0039D19D /* Frameworks */,
				35DA3A752C8739FD0039D19D /* Resources */,
			);
			buildRules = (
			);
			dependencies = (
				35DA3A792C8739FD0039D19D /* PBXTargetDependency */,
			);
			name = LumiFurUITests;
			productName = LumiFurUITests;
			productReference = 35DA3A772C8739FD0039D19D /* LumiFurUITests.xctest */;
			productType = "com.apple.product-type.bundle.ui-testing";
		};
/* End PBXNativeTarget section */

/* Begin PBXProject section */
		35DA3A542C8739FB0039D19D /* Project object */ = {
			isa = PBXProject;
			attributes = {
				BuildIndependentTargetsInParallel = 1;
				LastSwiftUpdateCheck = 1620;
				LastUpgradeCheck = 2620;
				TargetAttributes = {
					3591DD502D5FB695009A3A94 = {
						CreatedOnToolsVersion = 16.2;
					};
					3591DD5F2D5FB697009A3A94 = {
						CreatedOnToolsVersion = 16.2;
						TestTargetID = 3591DD502D5FB695009A3A94;
					};
					3591DD692D5FB697009A3A94 = {
						CreatedOnToolsVersion = 16.2;
						TestTargetID = 3591DD502D5FB695009A3A94;
					};
					35AE1A492D5D24C600FDD29E = {
						CreatedOnToolsVersion = 16.2;
					};
					35DA3A5B2C8739FB0039D19D = {
						CreatedOnToolsVersion = 15.4;
					};
					35DA3A6C2C8739FD0039D19D = {
						CreatedOnToolsVersion = 15.4;
						TestTargetID = 35DA3A5B2C8739FB0039D19D;
					};
					35DA3A762C8739FD0039D19D = {
						CreatedOnToolsVersion = 15.4;
						TestTargetID = 35DA3A5B2C8739FB0039D19D;
					};
				};
			};
			buildConfigurationList = 35DA3A572C8739FB0039D19D /* Build configuration list for PBXProject "LumiFur" */;
			developmentRegion = en;
			hasScannedForEncodings = 0;
			knownRegions = (
				en,
				Base,
			);
			mainGroup = 35DA3A532C8739FB0039D19D;
			packageReferences = (
				35197ABD2DA1A17100BE0EE3 /* XCRemoteSwiftPackageReference "swift-markdown-ui" */,
				35741B3B2F061C7800D4937C /* XCRemoteSwiftPackageReference "textual" */,
			);
			preferredProjectObjectVersion = 90;
			productRefGroup = 35DA3A5D2C8739FB0039D19D /* Products */;
			projectDirPath = "";
			projectRoot = "";
			targets = (
				35DA3A5B2C8739FB0039D19D /* LumiFur */,
				35DA3A6C2C8739FD0039D19D /* LumiFurTests */,
				35DA3A762C8739FD0039D19D /* LumiFurUITests */,
				35AE1A492D5D24C600FDD29E /* LumiFur WidgetExtension */,
				3591DD502D5FB695009A3A94 /* LumiFurWatchOS Watch App */,
				3591DD5F2D5FB697009A3A94 /* LumiFurWatchOS Watch AppTests */,
				3591DD692D5FB697009A3A94 /* LumiFurWatchOS Watch AppUITests */,
			);
		};
/* End PBXProject section */

/* Begin PBXResourcesBuildPhase section */
		3591DD4F2D5FB695009A3A94 /* Resources */ = {
			isa = PBXResourcesBuildPhase;
			files = (
			);
		};
		3591DD5E2D5FB697009A3A94 /* Resources */ = {
			isa = PBXResourcesBuildPhase;
			files = (
			);
		};
		3591DD682D5FB697009A3A94 /* Resources */ = {
			isa = PBXResourcesBuildPhase;
			files = (
			);
		};
		35AE1A482D5D24C600FDD29E /* Resources */ = {
			isa = PBXResourcesBuildPhase;
			files = (
			);
		};
		35DA3A5A2C8739FB0039D19D /* Resources */ = {
			isa = PBXResourcesBuildPhase;
			files = (
				35F936F42DBC808D00A45B64 /* Meloriac.ttf in Resources */,
				354E0B9E2D8F1AA2008FD025 /* Launch Screen.storyboard in Resources */,
				355853DA2EF716FB001666E6 /* Assets.xcassets in Resources */,
				35DA3A682C8739FD0039D19D /* Preview Assets.xcassets in Resources */,
			);
		};
		35DA3A6B2C8739FD0039D19D /* Resources */ = {
			isa = PBXResourcesBuildPhase;
			files = (
			);
		};
		35DA3A752C8739FD0039D19D /* Resources */ = {
			isa = PBXResourcesBuildPhase;
			files = (
			);
		};
/* End PBXResourcesBuildPhase section */

/* Begin PBXSourcesBuildPhase section */
		3591DD4D2D5FB695009A3A94 /* Sources */ = {
			isa = PBXSourcesBuildPhase;
			files = (
				35D04CA92DB29DB300199C5D /* SharedKeys.swift in Sources */,
				35A391A22DD77A6300F60E47 /* GitHubRelease.swift in Sources */,
				354B00CD2DCE631A00825147 /* SharedOptions.swift in Sources */,
			);
		};
		3591DD5C2D5FB697009A3A94 /* Sources */ = {
			isa = PBXSourcesBuildPhase;
			files = (
			);
		};
		3591DD662D5FB697009A3A94 /* Sources */ = {
			isa = PBXSourcesBuildPhase;
			files = (
			);
		};
		35AE1A462D5D24C600FDD29E /* Sources */ = {
			isa = PBXSourcesBuildPhase;
			files = (
				356D7AEF2DC94AE200D9746B /* SharedKeys.swift in Sources */,
				355853602EF47AF1001666E6 /* LEDPreviewOLD.swift in Sources */,
			);
		};
		35DA3A582C8739FB0039D19D /* Sources */ = {
			isa = PBXSourcesBuildPhase;
			files = (
				3591DD802D5FB75B009A3A94 /* WatchOSConnectivity.swift in Sources */,
				358A05EA2E43D1B1009D3CC9 /* FaceCellView.swift in Sources */,
				355853E82EFE5C3C001666E6 /* LEDArraySection.swift in Sources */,
				35DA3A622C8739FB0039D19D /* ContentView.swift in Sources */,
				35AE1A422D5D147400FDD29E /* AccessoryViewModel.swift in Sources */,
				35741B3A2F05FF0A00D4937C /* PrivacyPolicyView.swift in Sources */,
				35382F522E4CC7DE0087A8BE /* SettingsStore.swift in Sources */,
				35E4D4022DF88DE9004EB85E /* splashView.swift in Sources */,
				35E93AB02E17EDD600E9D52F /* AboutSectionView.swift in Sources */,
				354B42882F02B62800074B7F /* UncheckedSendableBox.swift in Sources */,
				358A05E82E43CF3C009D3CC9 /* FaceGridSection.swift in Sources */,
				35CD1DBC2E15AE1B0028A6C9 /* StatusSectionView.swift in Sources */,
				35E4D4062DF88E78004EB85E /* ReleaseNotesView.swift in Sources */,
				355853E12EF71DDA001666E6 /* SocialLink.swift in Sources */,
				354069352DF4D77B00D9040D /* OTAUpdateView.swift in Sources */,
				35E93AB82E17F17A00E9D52F /* MatrixStylePicker.swift in Sources */,
				35D1A1102D9A1C8A00AEC573 /* GitHubRelease.swift in Sources */,
				355853E52EFE4E31001666E6 /* LEDPreview.swift in Sources */,
				355853DF2EF71DAC001666E6 /* InfoView.swift in Sources */,
				357EEA692E0EE0140085E438 /* CustomLedView.swift in Sources */,
				354B428A2F02B62B00074B7F /* ActivityHelpers.swift in Sources */,
				358151A92E16D23B003CE8A3 /* ConnectionState.swift in Sources */,
				35E4D4042DF88E38004EB85E /* WhatsNew.swift in Sources */,
				35D04CA72DB29DAA00199C5D /* SharedKeys.swift in Sources */,
				354B00D72DD26E3A00825147 /* GlassPane.swift in Sources */,
				355853DC2EF71D3E001666E6 /* MeshGradient.swift in Sources */,
				355853692EF4BAD4001666E6 /* ConnectionUI.swift in Sources */,
				354069332DF4BB7F00D9040D /* DeviceInfoView.swift in Sources */,
				355853EA2EFF7308001666E6 /* IconPickerView.swift in Sources */,
				355853DD2EF71D48001666E6 /* ViewExtensions.swift in Sources */,
				35DA3A602C8739FB0039D19D /* LumiFurApp.swift in Sources */,
				354B42862F02B62800074B7F /* AccessoryTypes.swift in Sources */,
				352B631A2DA2B9B3004E5E74 /* OptionToggleView.swift in Sources */,
				354470452DA55F0E0061FD83 /* SharedOptions.swift in Sources */,
				3580941F2E2BF0A0005DB779 /* ChartView.swift in Sources */,
				35E93AB62E17F0A700E9D52F /* SettingsView.swift in Sources */,
				355853662EF483E2001666E6 /* LEDPreviewModel.swift in Sources */,
				35CD1DBE2E15AE390028A6C9 /* HeaderView.swift in Sources */,
				358151A52E16D155003CE8A3 /* ConnectionStateIconView.swift in Sources */,
				354B00D92DD26E4500825147 /* GlassLazyHGrid.swift in Sources */,
				35E93AB22E17EDF600E9D52F /* DeviceListView.swift in Sources */,
				35D1A1162D9A377E00AEC573 /* ReleaseViewModel.swift in Sources */,
				354B00D82DD26E4000825147 /* GlassView.swift in Sources */,
			);
		};
		35DA3A692C8739FD0039D19D /* Sources */ = {
			isa = PBXSourcesBuildPhase;
			files = (
				35DA3A722C8739FD0039D19D /* LumiFurTests.swift in Sources */,
				358151AB2E16FF48003CE8A3 /* AccessoryViewModelTests.swift in Sources */,
			);
		};
		35DA3A732C8739FD0039D19D /* Sources */ = {
			isa = PBXSourcesBuildPhase;
			files = (
				35DA3A7C2C8739FD0039D19D /* LumiFurUITests.swift in Sources */,
				35DA3A7E2C8739FD0039D19D /* LumiFurUITestsLaunchTests.swift in Sources */,
			);
		};
/* End PBXSourcesBuildPhase section */

/* Begin PBXTargetDependency section */
		3591DD622D5FB697009A3A94 /* PBXTargetDependency */ = {
			isa = PBXTargetDependency;
			target = 3591DD502D5FB695009A3A94 /* LumiFurWatchOS Watch App */;
			targetProxy = 3591DD612D5FB697009A3A94 /* PBXContainerItemProxy */;
		};
		3591DD6C2D5FB697009A3A94 /* PBXTargetDependency */ = {
			isa = PBXTargetDependency;
			target = 3591DD502D5FB695009A3A94 /* LumiFurWatchOS Watch App */;
			targetProxy = 3591DD6B2D5FB697009A3A94 /* PBXContainerItemProxy */;
		};
		3591DD732D5FB697009A3A94 /* PBXTargetDependency */ = {
			isa = PBXTargetDependency;
			target = 3591DD502D5FB695009A3A94 /* LumiFurWatchOS Watch App */;
			targetProxy = 3591DD722D5FB697009A3A94 /* PBXContainerItemProxy */;
		};
		35AE1A5F2D5D24C700FDD29E /* PBXTargetDependency */ = {
			isa = PBXTargetDependency;
			target = 35AE1A492D5D24C600FDD29E /* LumiFur WidgetExtension */;
			targetProxy = 35AE1A5E2D5D24C700FDD29E /* PBXContainerItemProxy */;
		};
		35DA3A6F2C8739FD0039D19D /* PBXTargetDependency */ = {
			isa = PBXTargetDependency;
			target = 35DA3A5B2C8739FB0039D19D /* LumiFur */;
			targetProxy = 35DA3A6E2C8739FD0039D19D /* PBXContainerItemProxy */;
		};
		35DA3A792C8739FD0039D19D /* PBXTargetDependency */ = {
			isa = PBXTargetDependency;
			target = 35DA3A5B2C8739FB0039D19D /* LumiFur */;
			targetProxy = 35DA3A782C8739FD0039D19D /* PBXContainerItemProxy */;
		};
/* End PBXTargetDependency section */

/* Begin XCBuildConfiguration section */
		3591DD762D5FB697009A3A94 /* Debug configuration for PBXNativeTarget "LumiFurWatchOS Watch App" */ = {
			isa = XCBuildConfiguration;
			buildSettings = {
				ASSETCATALOG_COMPILER_APPICON_NAME = AppIcon;
				ASSETCATALOG_COMPILER_GLOBAL_ACCENT_COLOR_NAME = AccentColor;
				CLANG_USE_OPTIMIZATION_PROFILE = YES;
				CODE_SIGN_ENTITLEMENTS = "LumiFurWatchOS Watch App/LumiFurWatchOS Watch App.entitlements";
				CODE_SIGN_STYLE = Automatic;
				DEVELOPMENT_ASSET_PATHS = "\"LumiFurWatchOS Watch App/Preview Content\"";
				ENABLE_PREVIEWS = YES;
				GENERATE_INFOPLIST_FILE = YES;
				INFOPLIST_FILE = "LumiFurWatchOS-Watch-App-Info.plist";
				INFOPLIST_KEY_CFBundleDisplayName = LumiFurWatchOS;
				INFOPLIST_KEY_NSBluetoothAlwaysUsageDescription = "Used to connect device to microcontroller ";
				INFOPLIST_KEY_NSBluetoothPeripheralUsageDescription = "Used to connect device to microcontroller ";
				INFOPLIST_KEY_NSBluetoothWhileInUseUsageDescription = "Connected to LumiFur Controller";
				INFOPLIST_KEY_NSHumanReadableCopyright = "© 2025 Richies 3D Ltd. All rights reserved.";
				INFOPLIST_KEY_UILaunchStoryboardName = "Launch Screen.storyboard";
				INFOPLIST_KEY_UISupportedInterfaceOrientations = "UIInterfaceOrientationPortrait UIInterfaceOrientationPortraitUpsideDown";
				INFOPLIST_KEY_WKCompanionAppBundleIdentifier = com.richies3d.LumiFur;
				INFOPLIST_KEY_WKRunsIndependentlyOfCompanionApp = NO;
				LD_RUNPATH_SEARCH_PATHS = (
					"$(inherited)",
					"@executable_path/Frameworks",
				);
				PRODUCT_BUNDLE_IDENTIFIER = com.richies3d.LumiFur.watchkitapp;
				PRODUCT_NAME = "$(TARGET_NAME)";
				SDKROOT = watchos;
				SKIP_INSTALL = YES;
				SWIFT_EMIT_LOC_STRINGS = YES;
				TARGETED_DEVICE_FAMILY = 4;
				WATCHOS_DEPLOYMENT_TARGET = 26.0;
			};
			name = Debug;
		};
		3591DD772D5FB697009A3A94 /* Release configuration for PBXNativeTarget "LumiFurWatchOS Watch App" */ = {
			isa = XCBuildConfiguration;
			buildSettings = {
				ASSETCATALOG_COMPILER_APPICON_NAME = AppIcon;
				ASSETCATALOG_COMPILER_GLOBAL_ACCENT_COLOR_NAME = AccentColor;
				CLANG_USE_OPTIMIZATION_PROFILE = YES;
				CODE_SIGN_ENTITLEMENTS = "LumiFurWatchOS Watch App/LumiFurWatchOS Watch AppRelease.entitlements";
				CODE_SIGN_STYLE = Automatic;
				DEVELOPMENT_ASSET_PATHS = "\"LumiFurWatchOS Watch App/Preview Content\"";
				ENABLE_PREVIEWS = YES;
				GENERATE_INFOPLIST_FILE = YES;
				INFOPLIST_FILE = "LumiFurWatchOS-Watch-App-Info.plist";
				INFOPLIST_KEY_CFBundleDisplayName = LumiFurWatchOS;
				INFOPLIST_KEY_NSBluetoothAlwaysUsageDescription = "Used to connect device to microcontroller ";
				INFOPLIST_KEY_NSBluetoothPeripheralUsageDescription = "Used to connect device to microcontroller ";
				INFOPLIST_KEY_NSBluetoothWhileInUseUsageDescription = "Connected to LumiFur Controller";
				INFOPLIST_KEY_NSHumanReadableCopyright = "© 2025 Richies 3D Ltd. All rights reserved.";
				INFOPLIST_KEY_UILaunchStoryboardName = "Launch Screen.storyboard";
				INFOPLIST_KEY_UISupportedInterfaceOrientations = "UIInterfaceOrientationPortrait UIInterfaceOrientationPortraitUpsideDown";
				INFOPLIST_KEY_WKCompanionAppBundleIdentifier = com.richies3d.LumiFur;
				INFOPLIST_KEY_WKRunsIndependentlyOfCompanionApp = NO;
				LD_RUNPATH_SEARCH_PATHS = (
					"$(inherited)",
					"@executable_path/Frameworks",
				);
				PRODUCT_BUNDLE_IDENTIFIER = com.richies3d.LumiFur.watchkitapp;
				PRODUCT_NAME = "$(TARGET_NAME)";
				SDKROOT = watchos;
				SKIP_INSTALL = YES;
				SWIFT_EMIT_LOC_STRINGS = YES;
				TARGETED_DEVICE_FAMILY = 4;
				VALIDATE_PRODUCT = YES;
				WATCHOS_DEPLOYMENT_TARGET = 26.0;
			};
			name = Release;
		};
		3591DD782D5FB697009A3A94 /* Debug configuration for PBXNativeTarget "LumiFurWatchOS Watch AppTests" */ = {
			isa = XCBuildConfiguration;
			buildSettings = {
				BUNDLE_LOADER = "$(TEST_HOST)";
				CODE_SIGN_STYLE = Automatic;
				GENERATE_INFOPLIST_FILE = YES;
				PRODUCT_BUNDLE_IDENTIFIER = "com.richies3d.LumiFurWatchOS-Watch-AppTests";
				PRODUCT_NAME = "$(TARGET_NAME)";
				SDKROOT = watchos;
				SWIFT_EMIT_LOC_STRINGS = NO;
				TARGETED_DEVICE_FAMILY = 4;
				TEST_HOST = "$(BUILT_PRODUCTS_DIR)/LumiFurWatchOS Watch App.app/$(BUNDLE_EXECUTABLE_FOLDER_PATH)/LumiFurWatchOS Watch App";
			};
			name = Debug;
		};
		3591DD792D5FB697009A3A94 /* Release configuration for PBXNativeTarget "LumiFurWatchOS Watch AppTests" */ = {
			isa = XCBuildConfiguration;
			buildSettings = {
				BUNDLE_LOADER = "$(TEST_HOST)";
				CODE_SIGN_STYLE = Automatic;
				GENERATE_INFOPLIST_FILE = YES;
				PRODUCT_BUNDLE_IDENTIFIER = "com.richies3d.LumiFurWatchOS-Watch-AppTests";
				PRODUCT_NAME = "$(TARGET_NAME)";
				SDKROOT = watchos;
				SWIFT_EMIT_LOC_STRINGS = NO;
				TARGETED_DEVICE_FAMILY = 4;
				TEST_HOST = "$(BUILT_PRODUCTS_DIR)/LumiFurWatchOS Watch App.app/$(BUNDLE_EXECUTABLE_FOLDER_PATH)/LumiFurWatchOS Watch App";
				VALIDATE_PRODUCT = YES;
			};
			name = Release;
		};
		3591DD7A2D5FB697009A3A94 /* Debug configuration for PBXNativeTarget "LumiFurWatchOS Watch AppUITests" */ = {
			isa = XCBuildConfiguration;
			buildSettings = {
				CODE_SIGN_STYLE = Automatic;
				GENERATE_INFOPLIST_FILE = YES;
				PRODUCT_BUNDLE_IDENTIFIER = "com.richies3d.LumiFurWatchOS-Watch-AppUITests";
				PRODUCT_NAME = "$(TARGET_NAME)";
				SDKROOT = watchos;
				SWIFT_EMIT_LOC_STRINGS = NO;
				TARGETED_DEVICE_FAMILY = 4;
				TEST_TARGET_NAME = "LumiFurWatchOS Watch App";
			};
			name = Debug;
		};
		3591DD7B2D5FB697009A3A94 /* Release configuration for PBXNativeTarget "LumiFurWatchOS Watch AppUITests" */ = {
			isa = XCBuildConfiguration;
			buildSettings = {
				CODE_SIGN_STYLE = Automatic;
				GENERATE_INFOPLIST_FILE = YES;
				PRODUCT_BUNDLE_IDENTIFIER = "com.richies3d.LumiFurWatchOS-Watch-AppUITests";
				PRODUCT_NAME = "$(TARGET_NAME)";
				SDKROOT = watchos;
				SWIFT_EMIT_LOC_STRINGS = NO;
				TARGETED_DEVICE_FAMILY = 4;
				TEST_TARGET_NAME = "LumiFurWatchOS Watch App";
				VALIDATE_PRODUCT = YES;
			};
			name = Release;
		};
		35AE1A632D5D24C700FDD29E /* Debug configuration for PBXNativeTarget "LumiFur WidgetExtension" */ = {
			isa = XCBuildConfiguration;
			buildSettings = {
				ASSETCATALOG_COMPILER_GLOBAL_ACCENT_COLOR_NAME = AccentColor;
				ASSETCATALOG_COMPILER_WIDGET_BACKGROUND_COLOR_NAME = WidgetBackground;
				CLANG_USE_OPTIMIZATION_PROFILE = YES;
				CODE_SIGN_ENTITLEMENTS = "LumiFur WidgetExtension.entitlements";
				CODE_SIGN_STYLE = Automatic;
				DEVELOPMENT_TEAM = Z64L7GR687;
				GENERATE_INFOPLIST_FILE = YES;
				INFOPLIST_FILE = "LumiFur Widget/Info.plist";
				INFOPLIST_KEY_CFBundleDisplayName = "LumiFur Widget";
				INFOPLIST_KEY_NSBluetoothAlwaysUsageDescription = "Used to connect device to microcontroller ";
				INFOPLIST_KEY_NSBluetoothPeripheralUsageDescription = "Used to connect device to microcontroller ";
				INFOPLIST_KEY_NSBluetoothWhileInUseUsageDescription = "Connected to LumiFur Controller";
				INFOPLIST_KEY_NSHumanReadableCopyright = "";
				INFOPLIST_KEY_NSLocalNetworkUsageDescription = "Used to discover LumiFur microcontroller";
				INFOPLIST_KEY_NSSupportsLiveActivities = YES;
				INFOPLIST_KEY_NSSupportsLiveActivitiesFrequentUpdates = YES;
				INFOPLIST_KEY_UILaunchScreen_Generation = YES;
				INFOPLIST_KEY_UILaunchStoryboardName = "Launch Screen.storyboard";
				IPHONEOS_DEPLOYMENT_TARGET = 18.2;
				LD_RUNPATH_SEARCH_PATHS = (
					"$(inherited)",
					"@executable_path/Frameworks",
					"@executable_path/../../Frameworks",
				);
				PRODUCT_BUNDLE_IDENTIFIER = com.richies3d.LumiFur.statuswidget;
				PRODUCT_NAME = "$(TARGET_NAME)";
				SDKROOT = iphoneos;
				SKIP_INSTALL = YES;
				SWIFT_EMIT_LOC_STRINGS = YES;
				TARGETED_DEVICE_FAMILY = "1,2";
			};
			name = Debug;
		};
		35AE1A642D5D24C700FDD29E /* Release configuration for PBXNativeTarget "LumiFur WidgetExtension" */ = {
			isa = XCBuildConfiguration;
			buildSettings = {
				ASSETCATALOG_COMPILER_GLOBAL_ACCENT_COLOR_NAME = AccentColor;
				ASSETCATALOG_COMPILER_WIDGET_BACKGROUND_COLOR_NAME = WidgetBackground;
				CLANG_USE_OPTIMIZATION_PROFILE = YES;
				CODE_SIGN_ENTITLEMENTS = "LumiFur WidgetExtensionRelease.entitlements";
				CODE_SIGN_STYLE = Automatic;
				DEVELOPMENT_TEAM = Z64L7GR687;
				GENERATE_INFOPLIST_FILE = YES;
				INFOPLIST_FILE = "LumiFur Widget/Info.plist";
				INFOPLIST_KEY_CFBundleDisplayName = "LumiFur Widget";
				INFOPLIST_KEY_NSBluetoothAlwaysUsageDescription = "Used to connect device to microcontroller ";
				INFOPLIST_KEY_NSBluetoothPeripheralUsageDescription = "Used to connect device to microcontroller ";
				INFOPLIST_KEY_NSBluetoothWhileInUseUsageDescription = "Connected to LumiFur Controller";
				INFOPLIST_KEY_NSHumanReadableCopyright = "";
				INFOPLIST_KEY_NSLocalNetworkUsageDescription = "Used to discover LumiFur microcontroller";
				INFOPLIST_KEY_NSSupportsLiveActivities = YES;
				INFOPLIST_KEY_NSSupportsLiveActivitiesFrequentUpdates = YES;
				INFOPLIST_KEY_UILaunchScreen_Generation = YES;
				INFOPLIST_KEY_UILaunchStoryboardName = "Launch Screen.storyboard";
				IPHONEOS_DEPLOYMENT_TARGET = 18.2;
				LD_RUNPATH_SEARCH_PATHS = (
					"$(inherited)",
					"@executable_path/Frameworks",
					"@executable_path/../../Frameworks",
				);
				PRODUCT_BUNDLE_IDENTIFIER = com.richies3d.LumiFur.statuswidget;
				PRODUCT_NAME = "$(TARGET_NAME)";
				SDKROOT = iphoneos;
				SKIP_INSTALL = YES;
				SWIFT_EMIT_LOC_STRINGS = YES;
				TARGETED_DEVICE_FAMILY = "1,2";
				VALIDATE_PRODUCT = YES;
			};
			name = Release;
		};
		35DA3A7F2C8739FD0039D19D /* Debug configuration for PBXProject "LumiFur" */ = {
			isa = XCBuildConfiguration;
			buildSettings = {
				ALWAYS_SEARCH_USER_PATHS = NO;
				ASSETCATALOG_COMPILER_GENERATE_SWIFT_ASSET_SYMBOL_EXTENSIONS = YES;
				ASSETCATALOG_COMPILER_OPTIMIZATION = time;
				CLANG_ANALYZER_GCD_PERFORMANCE = YES;
				CLANG_ANALYZER_NONNULL = YES;
				CLANG_ANALYZER_NUMBER_OBJECT_CONVERSION = YES_AGGRESSIVE;
				CLANG_CXX_LANGUAGE_STANDARD = "gnu++23";
				CLANG_ENABLE_MODULES = YES;
				CLANG_ENABLE_OBJC_ARC = YES;
				CLANG_ENABLE_OBJC_WEAK = YES;
				CLANG_TIDY_BUGPRONE_REDUNDANT_BRANCH_CONDITION = YES;
				CLANG_TIDY_MISC_REDUNDANT_EXPRESSION = YES;
				CLANG_WARN_BLOCK_CAPTURE_AUTORELEASING = YES;
				CLANG_WARN_BOOL_CONVERSION = YES;
				CLANG_WARN_COMMA = YES;
				CLANG_WARN_CONSTANT_CONVERSION = YES;
				CLANG_WARN_DEPRECATED_OBJC_IMPLEMENTATIONS = YES;
				CLANG_WARN_DIRECT_OBJC_ISA_USAGE = YES_ERROR;
				CLANG_WARN_DOCUMENTATION_COMMENTS = YES;
				CLANG_WARN_EMPTY_BODY = YES;
				CLANG_WARN_ENUM_CONVERSION = YES;
				CLANG_WARN_INFINITE_RECURSION = YES;
				CLANG_WARN_INT_CONVERSION = YES;
				CLANG_WARN_NON_LITERAL_NULL_CONVERSION = YES;
				CLANG_WARN_OBJC_IMPLICIT_RETAIN_SELF = YES;
				CLANG_WARN_OBJC_LITERAL_CONVERSION = YES;
				CLANG_WARN_OBJC_ROOT_CLASS = YES_ERROR;
				CLANG_WARN_QUOTED_INCLUDE_IN_FRAMEWORK_HEADER = YES;
				CLANG_WARN_RANGE_LOOP_ANALYSIS = YES;
				CLANG_WARN_STRICT_PROTOTYPES = YES;
				CLANG_WARN_SUSPICIOUS_MOVE = YES;
				CLANG_WARN_UNGUARDED_AVAILABILITY = YES_AGGRESSIVE;
				CLANG_WARN_UNREACHABLE_CODE = YES;
				CLANG_WARN__DUPLICATE_METHOD_MATCH = YES;
				COMPILATION_CACHE_ENABLE_CACHING = YES;
				COPY_PHASE_STRIP = NO;
				CURRENT_PROJECT_VERSION = 6.3.1;
				DEAD_CODE_STRIPPING = YES;
				DEBUG_INFORMATION_FORMAT = dwarf;
				DEVELOPMENT_TEAM = Z64L7GR687;
				ENABLE_INCREMENTAL_DISTILL = YES;
				ENABLE_STRICT_OBJC_MSGSEND = YES;
				ENABLE_TESTABILITY = YES;
				ENABLE_USER_SCRIPT_SANDBOXING = YES;
				GCC_C_LANGUAGE_STANDARD = gnu23;
				GCC_NO_COMMON_BLOCKS = YES;
				GCC_OPTIMIZATION_LEVEL = 0;
				GCC_PRECOMPILE_PREFIX_HEADER = YES;
				GCC_PREPROCESSOR_DEFINITIONS = (
					"DEBUG=1",
					"$(inherited)",
				);
				GCC_WARN_64_TO_32_BIT_CONVERSION = YES;
				GCC_WARN_ABOUT_RETURN_TYPE = YES_ERROR;
				GCC_WARN_UNDECLARED_SELECTOR = YES;
				GCC_WARN_UNINITIALIZED_AUTOS = YES_AGGRESSIVE;
				GCC_WARN_UNUSED_FUNCTION = YES;
				GCC_WARN_UNUSED_VARIABLE = YES;
				GENERATE_INFOPLIST_FILE = YES;
				INFOPLIST_KEY_NSBluetoothAlwaysUsageDescription = "Used to connect device to microcontroller ";
				INFOPLIST_KEY_NSBluetoothPeripheralUsageDescription = "Used to connect device to microcontroller ";
				INFOPLIST_KEY_NSBluetoothWhileInUseUsageDescription = "Connected to LumiFur Controller";
				INFOPLIST_KEY_NSHumanReadableCopyright = "© 2025 Richies 3D Ltd. All rights reserved.";
				INFOPLIST_KEY_NSLocalNetworkUsageDescription = "Used to discover LumiFur microcontroller";
				INFOPLIST_KEY_UILaunchStoryboardName = "Launch Screen.storyboard";
				LLVM_LTO = NO;
				LOCALIZATION_PREFERS_STRING_CATALOGS = YES;
				MARKETING_VERSION = 11.0;
				MTL_ENABLE_DEBUG_INFO = INCLUDE_SOURCE;
				MTL_FAST_MATH = YES;
				ONLY_ACTIVE_ARCH = YES;
				STRING_CATALOG_GENERATE_SYMBOLS = YES;
				SWIFT_ACTIVE_COMPILATION_CONDITIONS = "DEBUG $(inherited)";
				SWIFT_APPROACHABLE_CONCURRENCY = YES;
				SWIFT_OPTIMIZATION_LEVEL = "-Onone";
				SWIFT_STRICT_CONCURRENCY = targeted;
				SWIFT_VERSION = 5.0;
				VERSIONING_SYSTEM = "apple-generic";
			};
			name = Debug;
		};
		35DA3A802C8739FD0039D19D /* Release configuration for PBXProject "LumiFur" */ = {
			isa = XCBuildConfiguration;
			buildSettings = {
				ALWAYS_SEARCH_USER_PATHS = NO;
				ASSETCATALOG_COMPILER_GENERATE_SWIFT_ASSET_SYMBOL_EXTENSIONS = YES;
				ASSETCATALOG_COMPILER_OPTIMIZATION = space;
				CLANG_ANALYZER_GCD_PERFORMANCE = YES;
				CLANG_ANALYZER_NONNULL = YES;
				CLANG_ANALYZER_NUMBER_OBJECT_CONVERSION = YES_AGGRESSIVE;
				CLANG_CXX_LANGUAGE_STANDARD = "gnu++23";
				CLANG_ENABLE_MODULES = YES;
				CLANG_ENABLE_OBJC_ARC = YES;
				CLANG_ENABLE_OBJC_WEAK = YES;
				CLANG_TIDY_BUGPRONE_REDUNDANT_BRANCH_CONDITION = YES;
				CLANG_TIDY_MISC_REDUNDANT_EXPRESSION = YES;
				CLANG_WARN_BLOCK_CAPTURE_AUTORELEASING = YES;
				CLANG_WARN_BOOL_CONVERSION = YES;
				CLANG_WARN_COMMA = YES;
				CLANG_WARN_CONSTANT_CONVERSION = YES;
				CLANG_WARN_DEPRECATED_OBJC_IMPLEMENTATIONS = YES;
				CLANG_WARN_DIRECT_OBJC_ISA_USAGE = YES_ERROR;
				CLANG_WARN_DOCUMENTATION_COMMENTS = YES;
				CLANG_WARN_EMPTY_BODY = YES;
				CLANG_WARN_ENUM_CONVERSION = YES;
				CLANG_WARN_INFINITE_RECURSION = YES;
				CLANG_WARN_INT_CONVERSION = YES;
				CLANG_WARN_NON_LITERAL_NULL_CONVERSION = YES;
				CLANG_WARN_OBJC_IMPLICIT_RETAIN_SELF = YES;
				CLANG_WARN_OBJC_LITERAL_CONVERSION = YES;
				CLANG_WARN_OBJC_ROOT_CLASS = YES_ERROR;
				CLANG_WARN_QUOTED_INCLUDE_IN_FRAMEWORK_HEADER = YES;
				CLANG_WARN_RANGE_LOOP_ANALYSIS = YES;
				CLANG_WARN_STRICT_PROTOTYPES = YES;
				CLANG_WARN_SUSPICIOUS_MOVE = YES;
				CLANG_WARN_UNGUARDED_AVAILABILITY = YES_AGGRESSIVE;
				CLANG_WARN_UNREACHABLE_CODE = YES;
				CLANG_WARN__DUPLICATE_METHOD_MATCH = YES;
				COMPILATION_CACHE_ENABLE_CACHING = YES;
				COPY_PHASE_STRIP = NO;
				CURRENT_PROJECT_VERSION = 6.3.1;
				DEAD_CODE_STRIPPING = YES;
				DEBUG_INFORMATION_FORMAT = "dwarf-with-dsym";
				DEVELOPMENT_TEAM = Z64L7GR687;
				ENABLE_NS_ASSERTIONS = NO;
				ENABLE_STRICT_OBJC_MSGSEND = YES;
				ENABLE_USER_SCRIPT_SANDBOXING = YES;
				GCC_C_LANGUAGE_STANDARD = gnu23;
				GCC_NO_COMMON_BLOCKS = YES;
				GCC_WARN_64_TO_32_BIT_CONVERSION = YES;
				GCC_WARN_ABOUT_RETURN_TYPE = YES_ERROR;
				GCC_WARN_UNDECLARED_SELECTOR = YES;
				GCC_WARN_UNINITIALIZED_AUTOS = YES_AGGRESSIVE;
				GCC_WARN_UNUSED_FUNCTION = YES;
				GCC_WARN_UNUSED_VARIABLE = YES;
				GENERATE_INFOPLIST_FILE = YES;
				INFOPLIST_KEY_NSBluetoothAlwaysUsageDescription = "Used to connect device to microcontroller ";
				INFOPLIST_KEY_NSBluetoothPeripheralUsageDescription = "Used to connect device to microcontroller ";
				INFOPLIST_KEY_NSBluetoothWhileInUseUsageDescription = "Connected to LumiFur Controller";
				INFOPLIST_KEY_NSHumanReadableCopyright = "© 2025 Richies 3D Ltd. All rights reserved.";
				INFOPLIST_KEY_NSLocalNetworkUsageDescription = "Used to discover LumiFur microcontroller";
				INFOPLIST_KEY_UILaunchStoryboardName = "Launch Screen.storyboard";
				LLVM_LTO = YES;
				LOCALIZATION_PREFERS_STRING_CATALOGS = YES;
				MARKETING_VERSION = 11.0;
				MTL_ENABLE_DEBUG_INFO = NO;
				MTL_FAST_MATH = YES;
				STRING_CATALOG_GENERATE_SYMBOLS = YES;
				SWIFT_APPROACHABLE_CONCURRENCY = YES;
				SWIFT_COMPILATION_MODE = wholemodule;
				SWIFT_OPTIMIZATION_LEVEL = "-Osize";
				SWIFT_STRICT_CONCURRENCY = targeted;
				SWIFT_VERSION = 5.0;
				VERSIONING_SYSTEM = "apple-generic";
			};
			name = Release;
		};
		35DA3A822C8739FD0039D19D /* Debug configuration for PBXNativeTarget "LumiFur" */ = {
			isa = XCBuildConfiguration;
			buildSettings = {
				ASSETCATALOG_COMPILER_ALTERNATE_APPICON_NAMES = "bluegreen glassrainbow lilaclight monochrome orangebow pinkbow pinkpalette purplebow";
				ASSETCATALOG_COMPILER_APPICON_NAME = AppIcon;
				ASSETCATALOG_COMPILER_GLOBAL_ACCENT_COLOR_NAME = AccentColor;
				ASSETCATALOG_COMPILER_INCLUDE_ALL_APPICON_ASSETS = YES;
				CLANG_USE_OPTIMIZATION_PROFILE = YES;
				CODE_SIGN_ENTITLEMENTS = LumiFur/LumiFur.entitlements;
				CODE_SIGN_STYLE = Automatic;
				DEAD_CODE_STRIPPING = YES;
				DEVELOPMENT_ASSET_PATHS = "\"LumiFur/Preview Content\"";
				DEVELOPMENT_TEAM = Z64L7GR687;
				ENABLE_APP_SANDBOX = YES;
				ENABLE_FILE_ACCESS_DOWNLOADS_FOLDER = readonly;
				ENABLE_FILE_ACCESS_PICTURE_FOLDER = readonly;
				ENABLE_HARDENED_RUNTIME = YES;
				ENABLE_INCOMING_NETWORK_CONNECTIONS = YES;
				ENABLE_OUTGOING_NETWORK_CONNECTIONS = YES;
				ENABLE_PREVIEWS = YES;
				ENABLE_RESOURCE_ACCESS_BLUETOOTH = YES;
				ENABLE_USER_SELECTED_FILES = readonly;
				GENERATE_INFOPLIST_FILE = YES;
				INFOPLIST_FILE = LumiFur/Info.plist;
				INFOPLIST_KEY_CFBundleDisplayName = LumiFur;
				INFOPLIST_KEY_LSApplicationCategoryType = "public.app-category.utilities";
				INFOPLIST_KEY_NSBluetoothAlwaysUsageDescription = "This App uses Bluetooth to connect to the LumiFur Controller";
				INFOPLIST_KEY_NSBluetoothPeripheralUsageDescription = "This App uses Bluetooth to connect to the LumiFur Controller";
				INFOPLIST_KEY_NSBluetoothWhileInUseUsageDescription = "Connected to LumiFur Controller";
				INFOPLIST_KEY_NSHumanReadableCopyright = "© 2025 Richies 3D Ltd. All rights reserved.";
				INFOPLIST_KEY_NSLocalNetworkUsageDescription = "Used to connect device to microcontroller ";
				INFOPLIST_KEY_NSSupportsLiveActivities = YES;
				INFOPLIST_KEY_NSSupportsLiveActivitiesFrequentUpdates = YES;
				"INFOPLIST_KEY_UIApplicationSceneManifest_Generation[sdk=iphoneos*]" = YES;
				"INFOPLIST_KEY_UIApplicationSceneManifest_Generation[sdk=iphonesimulator*]" = YES;
				"INFOPLIST_KEY_UIApplicationSupportsIndirectInputEvents[sdk=iphoneos*]" = YES;
				"INFOPLIST_KEY_UIApplicationSupportsIndirectInputEvents[sdk=iphonesimulator*]" = YES;
				INFOPLIST_KEY_UILaunchScreen_Generation = YES;
				"INFOPLIST_KEY_UILaunchScreen_Generation[sdk=iphoneos*]" = YES;
				"INFOPLIST_KEY_UILaunchScreen_Generation[sdk=iphonesimulator*]" = YES;
				INFOPLIST_KEY_UILaunchStoryboardName = "Launch Screen.storyboard";
				"INFOPLIST_KEY_UIStatusBarStyle[sdk=iphoneos*]" = UIStatusBarStyleDefault;
				"INFOPLIST_KEY_UIStatusBarStyle[sdk=iphonesimulator*]" = UIStatusBarStyleDefault;
				INFOPLIST_KEY_UISupportedInterfaceOrientations = "UIInterfaceOrientationLandscapeLeft UIInterfaceOrientationLandscapeRight UIInterfaceOrientationPortrait UIInterfaceOrientationPortraitUpsideDown";
				IPHONEOS_DEPLOYMENT_TARGET = 26.0;
				LD_RUNPATH_SEARCH_PATHS = "@executable_path/Frameworks";
				"LD_RUNPATH_SEARCH_PATHS[sdk=macosx*]" = "@executable_path/../Frameworks";
				MACOSX_DEPLOYMENT_TARGET = 26.0;
				PRODUCT_BUNDLE_IDENTIFIER = com.richies3d.LumiFur;
				PRODUCT_NAME = "$(TARGET_NAME)";
				REGISTER_APP_GROUPS = YES;
				SDKROOT = auto;
				SUPPORTED_PLATFORMS = "iphoneos iphonesimulator macosx";
				SUPPORTS_MACCATALYST = NO;
				SUPPORTS_MAC_DESIGNED_FOR_IPHONE_IPAD = YES;
				SWIFT_EMIT_LOC_STRINGS = YES;
				SWIFT_STRICT_CONCURRENCY = minimal;
				TARGETED_DEVICE_FAMILY = "1,2";
			};
			name = Debug;
		};
		35DA3A832C8739FD0039D19D /* Release configuration for PBXNativeTarget "LumiFur" */ = {
			isa = XCBuildConfiguration;
			buildSettings = {
				ASSETCATALOG_COMPILER_ALTERNATE_APPICON_NAMES = "bluegreen glassrainbow lilaclight monochrome orangebow pinkbow pinkpalette purplebow";
				ASSETCATALOG_COMPILER_APPICON_NAME = AppIcon;
				ASSETCATALOG_COMPILER_GLOBAL_ACCENT_COLOR_NAME = AccentColor;
				ASSETCATALOG_COMPILER_INCLUDE_ALL_APPICON_ASSETS = YES;
				CLANG_USE_OPTIMIZATION_PROFILE = YES;
				CODE_SIGN_ENTITLEMENTS = LumiFur/LumiFurRelease.entitlements;
				CODE_SIGN_IDENTITY = "Apple Development";
				CODE_SIGN_STYLE = Automatic;
				DEAD_CODE_STRIPPING = YES;
				DEVELOPMENT_ASSET_PATHS = "\"LumiFur/Preview Content\"";
				DEVELOPMENT_TEAM = Z64L7GR687;
				ENABLE_APP_SANDBOX = YES;
				ENABLE_FILE_ACCESS_DOWNLOADS_FOLDER = readonly;
				ENABLE_FILE_ACCESS_PICTURE_FOLDER = readonly;
				ENABLE_HARDENED_RUNTIME = YES;
				ENABLE_INCOMING_NETWORK_CONNECTIONS = YES;
				ENABLE_OUTGOING_NETWORK_CONNECTIONS = YES;
				ENABLE_PREVIEWS = YES;
				ENABLE_RESOURCE_ACCESS_BLUETOOTH = YES;
				ENABLE_USER_SELECTED_FILES = readonly;
				GENERATE_INFOPLIST_FILE = YES;
				INFOPLIST_FILE = LumiFur/Info.plist;
				INFOPLIST_KEY_CFBundleDisplayName = LumiFur;
				INFOPLIST_KEY_LSApplicationCategoryType = "public.app-category.utilities";
				INFOPLIST_KEY_NSBluetoothAlwaysUsageDescription = "This App uses Bluetooth to connect to the LumiFur Controller";
				INFOPLIST_KEY_NSBluetoothPeripheralUsageDescription = "This App uses Bluetooth to connect to the LumiFur Controller";
				INFOPLIST_KEY_NSBluetoothWhileInUseUsageDescription = "Connected to LumiFur Controller";
				INFOPLIST_KEY_NSHumanReadableCopyright = "© 2025 Richies 3D Ltd. All rights reserved.";
				INFOPLIST_KEY_NSLocalNetworkUsageDescription = "Used to connect device to microcontroller ";
				INFOPLIST_KEY_NSSupportsLiveActivities = YES;
				INFOPLIST_KEY_NSSupportsLiveActivitiesFrequentUpdates = YES;
				"INFOPLIST_KEY_UIApplicationSceneManifest_Generation[sdk=iphoneos*]" = YES;
				"INFOPLIST_KEY_UIApplicationSceneManifest_Generation[sdk=iphonesimulator*]" = YES;
				"INFOPLIST_KEY_UIApplicationSupportsIndirectInputEvents[sdk=iphoneos*]" = YES;
				"INFOPLIST_KEY_UIApplicationSupportsIndirectInputEvents[sdk=iphonesimulator*]" = YES;
				INFOPLIST_KEY_UILaunchScreen_Generation = YES;
				"INFOPLIST_KEY_UILaunchScreen_Generation[sdk=iphoneos*]" = YES;
				"INFOPLIST_KEY_UILaunchScreen_Generation[sdk=iphonesimulator*]" = YES;
				INFOPLIST_KEY_UILaunchStoryboardName = "Launch Screen.storyboard";
				"INFOPLIST_KEY_UIStatusBarStyle[sdk=iphoneos*]" = UIStatusBarStyleDefault;
				"INFOPLIST_KEY_UIStatusBarStyle[sdk=iphonesimulator*]" = UIStatusBarStyleDefault;
				INFOPLIST_KEY_UISupportedInterfaceOrientations = "UIInterfaceOrientationLandscapeLeft UIInterfaceOrientationLandscapeRight UIInterfaceOrientationPortrait UIInterfaceOrientationPortraitUpsideDown";
				IPHONEOS_DEPLOYMENT_TARGET = 26.0;
				LD_RUNPATH_SEARCH_PATHS = "@executable_path/Frameworks";
				"LD_RUNPATH_SEARCH_PATHS[sdk=macosx*]" = "@executable_path/../Frameworks";
				MACOSX_DEPLOYMENT_TARGET = 26.0;
				PRODUCT_BUNDLE_IDENTIFIER = com.richies3d.LumiFur;
				PRODUCT_NAME = "$(TARGET_NAME)";
				PROVISIONING_PROFILE_SPECIFIER = "";
				REGISTER_APP_GROUPS = YES;
				SDKROOT = auto;
				SUPPORTED_PLATFORMS = "iphoneos iphonesimulator macosx";
				SUPPORTS_MACCATALYST = NO;
				SUPPORTS_MAC_DESIGNED_FOR_IPHONE_IPAD = YES;
				SWIFT_EMIT_LOC_STRINGS = YES;
				SWIFT_STRICT_CONCURRENCY = minimal;
				TARGETED_DEVICE_FAMILY = "1,2";
			};
			name = Release;
		};
		35DA3A852C8739FD0039D19D /* Debug configuration for PBXNativeTarget "LumiFurTests" */ = {
			isa = XCBuildConfiguration;
			buildSettings = {
				BUNDLE_LOADER = "$(TEST_HOST)";
				CODE_SIGN_STYLE = Automatic;
				DEAD_CODE_STRIPPING = YES;
				GENERATE_INFOPLIST_FILE = YES;
				PRODUCT_BUNDLE_IDENTIFIER = com.richies3d.LumiFurTests;
				PRODUCT_NAME = "$(TARGET_NAME)";
				SDKROOT = auto;
				SUPPORTED_PLATFORMS = "iphoneos iphonesimulator macosx";
				SWIFT_EMIT_LOC_STRINGS = NO;
				TARGETED_DEVICE_FAMILY = "1,2";
				TEST_HOST = "$(BUILT_PRODUCTS_DIR)/LumiFur.app/$(BUNDLE_EXECUTABLE_FOLDER_PATH)/LumiFur";
			};
			name = Debug;
		};
		35DA3A862C8739FD0039D19D /* Release configuration for PBXNativeTarget "LumiFurTests" */ = {
			isa = XCBuildConfiguration;
			buildSettings = {
				BUNDLE_LOADER = "$(TEST_HOST)";
				CODE_SIGN_STYLE = Automatic;
				DEAD_CODE_STRIPPING = YES;
				GENERATE_INFOPLIST_FILE = YES;
				PRODUCT_BUNDLE_IDENTIFIER = com.richies3d.LumiFurTests;
				PRODUCT_NAME = "$(TARGET_NAME)";
				SDKROOT = auto;
				SUPPORTED_PLATFORMS = "iphoneos iphonesimulator macosx";
				SWIFT_EMIT_LOC_STRINGS = NO;
				TARGETED_DEVICE_FAMILY = "1,2";
				TEST_HOST = "$(BUILT_PRODUCTS_DIR)/LumiFur.app/$(BUNDLE_EXECUTABLE_FOLDER_PATH)/LumiFur";
			};
			name = Release;
		};
		35DA3A882C8739FD0039D19D /* Debug configuration for PBXNativeTarget "LumiFurUITests" */ = {
			isa = XCBuildConfiguration;
			buildSettings = {
				CODE_SIGN_STYLE = Automatic;
				DEAD_CODE_STRIPPING = YES;
				GENERATE_INFOPLIST_FILE = YES;
				PRODUCT_BUNDLE_IDENTIFIER = com.richies3d.LumiFurUITests;
				PRODUCT_NAME = "$(TARGET_NAME)";
				SDKROOT = auto;
				SUPPORTED_PLATFORMS = "iphoneos iphonesimulator macosx";
				SWIFT_EMIT_LOC_STRINGS = NO;
				TARGETED_DEVICE_FAMILY = "1,2";
				TEST_TARGET_NAME = LumiFur;
			};
			name = Debug;
		};
		35DA3A892C8739FD0039D19D /* Release configuration for PBXNativeTarget "LumiFurUITests" */ = {
			isa = XCBuildConfiguration;
			buildSettings = {
				CODE_SIGN_STYLE = Automatic;
				DEAD_CODE_STRIPPING = YES;
				GENERATE_INFOPLIST_FILE = YES;
				PRODUCT_BUNDLE_IDENTIFIER = com.richies3d.LumiFurUITests;
				PRODUCT_NAME = "$(TARGET_NAME)";
				SDKROOT = auto;
				SUPPORTED_PLATFORMS = "iphoneos iphonesimulator macosx";
				SWIFT_EMIT_LOC_STRINGS = NO;
				TARGETED_DEVICE_FAMILY = "1,2";
				TEST_TARGET_NAME = LumiFur;
			};
			name = Release;
		};
/* End XCBuildConfiguration section */

/* Begin XCConfigurationList section */
		3591DD7C2D5FB697009A3A94 /* Build configuration list for PBXNativeTarget "LumiFurWatchOS Watch App" */ = {
			isa = XCConfigurationList;
			buildConfigurations = (
				3591DD762D5FB697009A3A94 /* Debug configuration for PBXNativeTarget "LumiFurWatchOS Watch App" */,
				3591DD772D5FB697009A3A94 /* Release configuration for PBXNativeTarget "LumiFurWatchOS Watch App" */,
			);
			defaultConfigurationName = Release;
		};
		3591DD7D2D5FB697009A3A94 /* Build configuration list for PBXNativeTarget "LumiFurWatchOS Watch AppTests" */ = {
			isa = XCConfigurationList;
			buildConfigurations = (
				3591DD782D5FB697009A3A94 /* Debug configuration for PBXNativeTarget "LumiFurWatchOS Watch AppTests" */,
				3591DD792D5FB697009A3A94 /* Release configuration for PBXNativeTarget "LumiFurWatchOS Watch AppTests" */,
			);
			defaultConfigurationName = Release;
		};
		3591DD7E2D5FB697009A3A94 /* Build configuration list for PBXNativeTarget "LumiFurWatchOS Watch AppUITests" */ = {
			isa = XCConfigurationList;
			buildConfigurations = (
				3591DD7A2D5FB697009A3A94 /* Debug configuration for PBXNativeTarget "LumiFurWatchOS Watch AppUITests" */,
				3591DD7B2D5FB697009A3A94 /* Release configuration for PBXNativeTarget "LumiFurWatchOS Watch AppUITests" */,
			);
			defaultConfigurationName = Release;
		};
		35AE1A622D5D24C700FDD29E /* Build configuration list for PBXNativeTarget "LumiFur WidgetExtension" */ = {
			isa = XCConfigurationList;
			buildConfigurations = (
				35AE1A632D5D24C700FDD29E /* Debug configuration for PBXNativeTarget "LumiFur WidgetExtension" */,
				35AE1A642D5D24C700FDD29E /* Release configuration for PBXNativeTarget "LumiFur WidgetExtension" */,
			);
			defaultConfigurationName = Release;
		};
		35DA3A572C8739FB0039D19D /* Build configuration list for PBXProject "LumiFur" */ = {
			isa = XCConfigurationList;
			buildConfigurations = (
				35DA3A7F2C8739FD0039D19D /* Debug configuration for PBXProject "LumiFur" */,
				35DA3A802C8739FD0039D19D /* Release configuration for PBXProject "LumiFur" */,
			);
			defaultConfigurationName = Release;
		};
		35DA3A812C8739FD0039D19D /* Build configuration list for PBXNativeTarget "LumiFur" */ = {
			isa = XCConfigurationList;
			buildConfigurations = (
				35DA3A822C8739FD0039D19D /* Debug configuration for PBXNativeTarget "LumiFur" */,
				35DA3A832C8739FD0039D19D /* Release configuration for PBXNativeTarget "LumiFur" */,
			);
			defaultConfigurationName = Release;
		};
		35DA3A842C8739FD0039D19D /* Build configuration list for PBXNativeTarget "LumiFurTests" */ = {
			isa = XCConfigurationList;
			buildConfigurations = (
				35DA3A852C8739FD0039D19D /* Debug configuration for PBXNativeTarget "LumiFurTests" */,
				35DA3A862C8739FD0039D19D /* Release configuration for PBXNativeTarget "LumiFurTests" */,
			);
			defaultConfigurationName = Release;
		};
		35DA3A872C8739FD0039D19D /* Build configuration list for PBXNativeTarget "LumiFurUITests" */ = {
			isa = XCConfigurationList;
			buildConfigurations = (
				35DA3A882C8739FD0039D19D /* Debug configuration for PBXNativeTarget "LumiFurUITests" */,
				35DA3A892C8739FD0039D19D /* Release configuration for PBXNativeTarget "LumiFurUITests" */,
			);
			defaultConfigurationName = Release;
		};
/* End XCConfigurationList section */

/* Begin XCRemoteSwiftPackageReference section */
		35197ABD2DA1A17100BE0EE3 /* XCRemoteSwiftPackageReference "swift-markdown-ui" */ = {
			isa = XCRemoteSwiftPackageReference;
			repositoryURL = "https://github.com/gonzalezreal/swift-markdown-ui";
			requirement = {
				kind = upToNextMajorVersion;
				minimumVersion = 2.4.1;
			};
		};
		35741B3B2F061C7800D4937C /* XCRemoteSwiftPackageReference "textual" */ = {
			isa = XCRemoteSwiftPackageReference;
			repositoryURL = "https://github.com/gonzalezreal/textual";
			requirement = {
				kind = upToNextMajorVersion;
				minimumVersion = 0.1.1;
			};
		};
/* End XCRemoteSwiftPackageReference section */

/* Begin XCSwiftPackageProductDependency section */
		35062EA72E107A590012AC60 /* MarkdownUI */ = {
			isa = XCSwiftPackageProductDependency;
			package = 35197ABD2DA1A17100BE0EE3 /* XCRemoteSwiftPackageReference "swift-markdown-ui" */;
			productName = MarkdownUI;
		};
		35197ABE2DA1A17100BE0EE3 /* MarkdownUI */ = {
			isa = XCSwiftPackageProductDependency;
			package = 35197ABD2DA1A17100BE0EE3 /* XCRemoteSwiftPackageReference "swift-markdown-ui" */;
			productName = MarkdownUI;
		};
		35741B3C2F061C7800D4937C /* Textual */ = {
			isa = XCSwiftPackageProductDependency;
			package = 35741B3B2F061C7800D4937C /* XCRemoteSwiftPackageReference "textual" */;
			productName = Textual;
		};
/* End XCSwiftPackageProductDependency section */
	};
	rootObject = 35DA3A542C8739FB0039D19D /* Project object */;
}
